// !$*UTF8*$!
{
	archiveVersion = 1;
	classes = {
	};
	objectVersion = 46;
	objects = {

/* Begin PBXBuildFile section */
		D863D4BD1EFB5DD400754C92 /* Test.swift in Sources */ = {isa = PBXBuildFile; fileRef = D863D4BC1EFB5DD400754C92 /* Test.swift */; };
		D8D6C3481E30707500F60208 /* AppDelegate.swift in Sources */ = {isa = PBXBuildFile; fileRef = D8D6C3471E30707500F60208 /* AppDelegate.swift */; };
		D8D6C34A1E30707500F60208 /* ViewController.swift in Sources */ = {isa = PBXBuildFile; fileRef = D8D6C3491E30707500F60208 /* ViewController.swift */; };
		D8D6C34D1E30707500F60208 /* Main.storyboard in Resources */ = {isa = PBXBuildFile; fileRef = D8D6C34B1E30707500F60208 /* Main.storyboard */; };
		D8D6C34F1E30707500F60208 /* Assets.xcassets in Resources */ = {isa = PBXBuildFile; fileRef = D8D6C34E1E30707500F60208 /* Assets.xcassets */; };
		D8D6C3521E30707500F60208 /* LaunchScreen.storyboard in Resources */ = {isa = PBXBuildFile; fileRef = D8D6C3501E30707500F60208 /* LaunchScreen.storyboard */; };
		D8D6C35D1E30707600F60208 /* GreatControllerUITests.swift in Sources */ = {isa = PBXBuildFile; fileRef = D8D6C35C1E30707600F60208 /* GreatControllerUITests.swift */; };
		D8D6C3681E30709200F60208 /* ArrayDataSource.swift in Sources */ = {isa = PBXBuildFile; fileRef = D8D6C3671E30709200F60208 /* ArrayDataSource.swift */; };
/* End PBXBuildFile section */

/* Begin PBXContainerItemProxy section */
		D8D6C3591E30707600F60208 /* PBXContainerItemProxy */ = {
			isa = PBXContainerItemProxy;
			containerPortal = D8D6C33C1E30707500F60208 /* Project object */;
			proxyType = 1;
			remoteGlobalIDString = D8D6C3431E30707500F60208;
			remoteInfo = GreatController;
		};
/* End PBXContainerItemProxy section */

/* Begin PBXFileReference section */
		D863D4BC1EFB5DD400754C92 /* Test.swift */ = {isa = PBXFileReference; fileEncoding = 4; lastKnownFileType = sourcecode.swift; path = Test.swift; sourceTree = "<group>"; };
		D8D6C3441E30707500F60208 /* GreatController.app */ = {isa = PBXFileReference; explicitFileType = wrapper.application; includeInIndex = 0; path = GreatController.app; sourceTree = BUILT_PRODUCTS_DIR; };
		D8D6C3471E30707500F60208 /* AppDelegate.swift */ = {isa = PBXFileReference; lastKnownFileType = sourcecode.swift; path = AppDelegate.swift; sourceTree = "<group>"; };
		D8D6C3491E30707500F60208 /* ViewController.swift */ = {isa = PBXFileReference; lastKnownFileType = sourcecode.swift; path = ViewController.swift; sourceTree = "<group>"; };
		D8D6C34C1E30707500F60208 /* Base */ = {isa = PBXFileReference; lastKnownFileType = file.storyboard; name = Base; path = Base.lproj/Main.storyboard; sourceTree = "<group>"; };
		D8D6C34E1E30707500F60208 /* Assets.xcassets */ = {isa = PBXFileReference; lastKnownFileType = folder.assetcatalog; path = Assets.xcassets; sourceTree = "<group>"; };
		D8D6C3511E30707500F60208 /* Base */ = {isa = PBXFileReference; lastKnownFileType = file.storyboard; name = Base; path = Base.lproj/LaunchScreen.storyboard; sourceTree = "<group>"; };
		D8D6C3531E30707500F60208 /* Info.plist */ = {isa = PBXFileReference; lastKnownFileType = text.plist.xml; path = Info.plist; sourceTree = "<group>"; };
		D8D6C3581E30707600F60208 /* GreatControllerUITests.xctest */ = {isa = PBXFileReference; explicitFileType = wrapper.cfbundle; includeInIndex = 0; path = GreatControllerUITests.xctest; sourceTree = BUILT_PRODUCTS_DIR; };
		D8D6C35C1E30707600F60208 /* GreatControllerUITests.swift */ = {isa = PBXFileReference; lastKnownFileType = sourcecode.swift; path = GreatControllerUITests.swift; sourceTree = "<group>"; };
		D8D6C35E1E30707600F60208 /* Info.plist */ = {isa = PBXFileReference; lastKnownFileType = text.plist.xml; path = Info.plist; sourceTree = "<group>"; };
		D8D6C3671E30709200F60208 /* ArrayDataSource.swift */ = {isa = PBXFileReference; fileEncoding = 4; lastKnownFileType = sourcecode.swift; path = ArrayDataSource.swift; sourceTree = "<group>"; };
/* End PBXFileReference section */

/* Begin PBXFrameworksBuildPhase section */
		D8D6C3411E30707500F60208 /* Frameworks */ = {
			isa = PBXFrameworksBuildPhase;
			buildActionMask = 2147483647;
			files = (
			);
			runOnlyForDeploymentPostprocessing = 0;
		};
		D8D6C3551E30707600F60208 /* Frameworks */ = {
			isa = PBXFrameworksBuildPhase;
			buildActionMask = 2147483647;
			files = (
			);
			runOnlyForDeploymentPostprocessing = 0;
		};
/* End PBXFrameworksBuildPhase section */

/* Begin PBXGroup section */
		D8D6C33B1E30707500F60208 = {
			isa = PBXGroup;
			children = (
				D8D6C3461E30707500F60208 /* GreatController */,
				D8D6C35B1E30707600F60208 /* GreatControllerUITests */,
				D8D6C3451E30707500F60208 /* Products */,
			);
			sourceTree = "<group>";
		};
		D8D6C3451E30707500F60208 /* Products */ = {
			isa = PBXGroup;
			children = (
				D8D6C3441E30707500F60208 /* GreatController.app */,
				D8D6C3581E30707600F60208 /* GreatControllerUITests.xctest */,
			);
			name = Products;
			sourceTree = "<group>";
		};
		D8D6C3461E30707500F60208 /* GreatController */ = {
			isa = PBXGroup;
			children = (
				D8D6C3471E30707500F60208 /* AppDelegate.swift */,
				D8D6C3491E30707500F60208 /* ViewController.swift */,
				D8D6C34B1E30707500F60208 /* Main.storyboard */,
				D8D6C34E1E30707500F60208 /* Assets.xcassets */,
				D8D6C3501E30707500F60208 /* LaunchScreen.storyboard */,
				D8D6C3531E30707500F60208 /* Info.plist */,
				D8D6C3671E30709200F60208 /* ArrayDataSource.swift */,
				D863D4BC1EFB5DD400754C92 /* Test.swift */,
			);
			path = GreatController;
			sourceTree = "<group>";
		};
		D8D6C35B1E30707600F60208 /* GreatControllerUITests */ = {
			isa = PBXGroup;
			children = (
				D8D6C35C1E30707600F60208 /* GreatControllerUITests.swift */,
				D8D6C35E1E30707600F60208 /* Info.plist */,
			);
			path = GreatControllerUITests;
			sourceTree = "<group>";
		};
/* End PBXGroup section */

/* Begin PBXNativeTarget section */
		D8D6C3431E30707500F60208 /* GreatController */ = {
			isa = PBXNativeTarget;
			buildConfigurationList = D8D6C3611E30707600F60208 /* Build configuration list for PBXNativeTarget "GreatController" */;
			buildPhases = (
				D8D6C3401E30707500F60208 /* Sources */,
				D8D6C3411E30707500F60208 /* Frameworks */,
				D8D6C3421E30707500F60208 /* Resources */,
			);
			buildRules = (
			);
			dependencies = (
			);
			name = GreatController;
			productName = GreatController;
			productReference = D8D6C3441E30707500F60208 /* GreatController.app */;
			productType = "com.apple.product-type.application";
		};
		D8D6C3571E30707600F60208 /* GreatControllerUITests */ = {
			isa = PBXNativeTarget;
			buildConfigurationList = D8D6C3641E30707600F60208 /* Build configuration list for PBXNativeTarget "GreatControllerUITests" */;
			buildPhases = (
				D8D6C3541E30707600F60208 /* Sources */,
				D8D6C3551E30707600F60208 /* Frameworks */,
				D8D6C3561E30707600F60208 /* Resources */,
			);
			buildRules = (
			);
			dependencies = (
				D8D6C35A1E30707600F60208 /* PBXTargetDependency */,
			);
			name = GreatControllerUITests;
			productName = GreatControllerUITests;
			productReference = D8D6C3581E30707600F60208 /* GreatControllerUITests.xctest */;
			productType = "com.apple.product-type.bundle.ui-testing";
		};
/* End PBXNativeTarget section */

/* Begin PBXProject section */
		D8D6C33C1E30707500F60208 /* Project object */ = {
			isa = PBXProject;
			attributes = {
				LastSwiftUpdateCheck = 0820;
				LastUpgradeCheck = 0820;
				ORGANIZATIONNAME = "伯驹 黄";
				TargetAttributes = {
					D8D6C3431E30707500F60208 = {
						CreatedOnToolsVersion = 8.2.1;
						ProvisioningStyle = Automatic;
					};
					D8D6C3571E30707600F60208 = {
						CreatedOnToolsVersion = 8.2.1;
						ProvisioningStyle = Automatic;
						TestTargetID = D8D6C3431E30707500F60208;
					};
				};
			};
			buildConfigurationList = D8D6C33F1E30707500F60208 /* Build configuration list for PBXProject "GreatController" */;
			compatibilityVersion = "Xcode 3.2";
			developmentRegion = English;
			hasScannedForEncodings = 0;
			knownRegions = (
				en,
				Base,
			);
			mainGroup = D8D6C33B1E30707500F60208;
			productRefGroup = D8D6C3451E30707500F60208 /* Products */;
			projectDirPath = "";
			projectRoot = "";
			targets = (
				D8D6C3431E30707500F60208 /* GreatController */,
				D8D6C3571E30707600F60208 /* GreatControllerUITests */,
			);
		};
/* End PBXProject section */

/* Begin PBXResourcesBuildPhase section */
		D8D6C3421E30707500F60208 /* Resources */ = {
			isa = PBXResourcesBuildPhase;
			buildActionMask = 2147483647;
			files = (
				D8D6C3521E30707500F60208 /* LaunchScreen.storyboard in Resources */,
				D8D6C34F1E30707500F60208 /* Assets.xcassets in Resources */,
				D8D6C34D1E30707500F60208 /* Main.storyboard in Resources */,
			);
			runOnlyForDeploymentPostprocessing = 0;
		};
		D8D6C3561E30707600F60208 /* Resources */ = {
			isa = PBXResourcesBuildPhase;
			buildActionMask = 2147483647;
			files = (
			);
			runOnlyForDeploymentPostprocessing = 0;
		};
/* End PBXResourcesBuildPhase section */

/* Begin PBXSourcesBuildPhase section */
		D8D6C3401E30707500F60208 /* Sources */ = {
			isa = PBXSourcesBuildPhase;
			buildActionMask = 2147483647;
			files = (
				D8D6C34A1E30707500F60208 /* ViewController.swift in Sources */,
				D863D4BD1EFB5DD400754C92 /* Test.swift in Sources */,
				D8D6C3681E30709200F60208 /* ArrayDataSource.swift in Sources */,
				D8D6C3481E30707500F60208 /* AppDelegate.swift in Sources */,
			);
			runOnlyForDeploymentPostprocessing = 0;
		};
		D8D6C3541E30707600F60208 /* Sources */ = {
			isa = PBXSourcesBuildPhase;
			buildActionMask = 2147483647;
			files = (
				D8D6C35D1E30707600F60208 /* GreatControllerUITests.swift in Sources */,
			);
			runOnlyForDeploymentPostprocessing = 0;
		};
/* End PBXSourcesBuildPhase section */

/* Begin PBXTargetDependency section */
		D8D6C35A1E30707600F60208 /* PBXTargetDependency */ = {
			isa = PBXTargetDependency;
			target = D8D6C3431E30707500F60208 /* GreatController */;
			targetProxy = D8D6C3591E30707600F60208 /* PBXContainerItemProxy */;
		};
/* End PBXTargetDependency section */

/* Begin PBXVariantGroup section */
		D8D6C34B1E30707500F60208 /* Main.storyboard */ = {
			isa = PBXVariantGroup;
			children = (
				D8D6C34C1E30707500F60208 /* Base */,
			);
			name = Main.storyboard;
			sourceTree = "<group>";
		};
		D8D6C3501E30707500F60208 /* LaunchScreen.storyboard */ = {
			isa = PBXVariantGroup;
			children = (
				D8D6C3511E30707500F60208 /* Base */,
			);
			name = LaunchScreen.storyboard;
			sourceTree = "<group>";
		};
/* End PBXVariantGroup section */

/* Begin XCBuildConfiguration section */
		D8D6C35F1E30707600F60208 /* Debug */ = {
			isa = XCBuildConfiguration;
			buildSettings = {
				ALWAYS_SEARCH_USER_PATHS = NO;
				CLANG_ANALYZER_NONNULL = YES;
				CLANG_CXX_LANGUAGE_STANDARD = "gnu++0x";
				CLANG_CXX_LIBRARY = "libc++";
				CLANG_ENABLE_MODULES = YES;
				CLANG_ENABLE_OBJC_ARC = YES;
				CLANG_WARN_BOOL_CONVERSION = YES;
				CLANG_WARN_CONSTANT_CONVERSION = YES;
				CLANG_WARN_DIRECT_OBJC_ISA_USAGE = YES_ERROR;
				CLANG_WARN_DOCUMENTATION_COMMENTS = YES;
				CLANG_WARN_EMPTY_BODY = YES;
				CLANG_WARN_ENUM_CONVERSION = YES;
				CLANG_WARN_INFINITE_RECURSION = YES;
				CLANG_WARN_INT_CONVERSION = YES;
				CLANG_WARN_OBJC_ROOT_CLASS = YES_ERROR;
				CLANG_WARN_SUSPICIOUS_MOVE = YES;
				CLANG_WARN_UNREACHABLE_CODE = YES;
				CLANG_WARN__DUPLICATE_METHOD_MATCH = YES;
				"CODE_SIGN_IDENTITY[sdk=iphoneos*]" = "iPhone Developer";
				COPY_PHASE_STRIP = NO;
				DEBUG_INFORMATION_FORMAT = dwarf;
				ENABLE_STRICT_OBJC_MSGSEND = YES;
				ENABLE_TESTABILITY = YES;
				GCC_C_LANGUAGE_STANDARD = gnu99;
				GCC_DYNAMIC_NO_PIC = NO;
				GCC_NO_COMMON_BLOCKS = YES;
				GCC_OPTIMIZATION_LEVEL = 0;
				GCC_PREPROCESSOR_DEFINITIONS = (
					"DEBUG=1",
					"$(inherited)",
				);
				GCC_WARN_64_TO_32_BIT_CONVERSION = YES;
				GCC_WARN_ABOUT_RETURN_TYPE = YES_ERROR;
				GCC_WARN_UNDECLARED_SELECTOR = YES;
				GCC_WARN_UNINITIALIZED_AUTOS = YES_AGGRESSIVE;
				GCC_WARN_UNUSED_FUNCTION = YES;
				GCC_WARN_UNUSED_VARIABLE = YES;
				IPHONEOS_DEPLOYMENT_TARGET = 10.2;
				MTL_ENABLE_DEBUG_INFO = YES;
				ONLY_ACTIVE_ARCH = YES;
				SDKROOT = iphoneos;
				SWIFT_ACTIVE_COMPILATION_CONDITIONS = DEBUG;
				SWIFT_OPTIMIZATION_LEVEL = "-Onone";
			};
			name = Debug;
		};
		D8D6C3601E30707600F60208 /* Release */ = {
			isa = XCBuildConfiguration;
			buildSettings = {
				ALWAYS_SEARCH_USER_PATHS = NO;
				CLANG_ANALYZER_NONNULL = YES;
				CLANG_CXX_LANGUAGE_STANDARD = "gnu++0x";
				CLANG_CXX_LIBRARY = "libc++";
				CLANG_ENABLE_MODULES = YES;
				CLANG_ENABLE_OBJC_ARC = YES;
				CLANG_WARN_BOOL_CONVERSION = YES;
				CLANG_WARN_CONSTANT_CONVERSION = YES;
				CLANG_WARN_DIRECT_OBJC_ISA_USAGE = YES_ERROR;
				CLANG_WARN_DOCUMENTATION_COMMENTS = YES;
				CLANG_WARN_EMPTY_BODY = YES;
				CLANG_WARN_ENUM_CONVERSION = YES;
				CLANG_WARN_INFINITE_RECURSION = YES;
				CLANG_WARN_INT_CONVERSION = YES;
				CLANG_WARN_OBJC_ROOT_CLASS = YES_ERROR;
				CLANG_WARN_SUSPICIOUS_MOVE = YES;
				CLANG_WARN_UNREACHABLE_CODE = YES;
				CLANG_WARN__DUPLICATE_METHOD_MATCH = YES;
				"CODE_SIGN_IDENTITY[sdk=iphoneos*]" = "iPhone Developer";
				COPY_PHASE_STRIP = NO;
				DEBUG_INFORMATION_FORMAT = "dwarf-with-dsym";
				ENABLE_NS_ASSERTIONS = NO;
				ENABLE_STRICT_OBJC_MSGSEND = YES;
				GCC_C_LANGUAGE_STANDARD = gnu99;
				GCC_NO_COMMON_BLOCKS = YES;
				GCC_WARN_64_TO_32_BIT_CONVERSION = YES;
				GCC_WARN_ABOUT_RETURN_TYPE = YES_ERROR;
				GCC_WARN_UNDECLARED_SELECTOR = YES;
				GCC_WARN_UNINITIALIZED_AUTOS = YES_AGGRESSIVE;
				GCC_WARN_UNUSED_FUNCTION = YES;
				GCC_WARN_UNUSED_VARIABLE = YES;
				IPHONEOS_DEPLOYMENT_TARGET = 10.2;
				MTL_ENABLE_DEBUG_INFO = NO;
				SDKROOT = iphoneos;
				SWIFT_OPTIMIZATION_LEVEL = "-Owholemodule";
				VALIDATE_PRODUCT = YES;
			};
			name = Release;
		};
		D8D6C3621E30707600F60208 /* Debug */ = {
			isa = XCBuildConfiguration;
			buildSettings = {
				ASSETCATALOG_COMPILER_APPICON_NAME = AppIcon;
				INFOPLIST_FILE = GreatController/Info.plist;
				LD_RUNPATH_SEARCH_PATHS = "$(inherited) @executable_path/Frameworks";
				PRODUCT_BUNDLE_IDENTIFIER = com.huangboju.GreatController;
				PRODUCT_NAME = "$(TARGET_NAME)";
				SWIFT_VERSION = 3.0;
			};
			name = Debug;
		};
		D8D6C3631E30707600F60208 /* Release */ = {
			isa = XCBuildConfiguration;
			buildSettings = {
				ASSETCATALOG_COMPILER_APPICON_NAME = AppIcon;
				INFOPLIST_FILE = GreatController/Info.plist;
				LD_RUNPATH_SEARCH_PATHS = "$(inherited) @executable_path/Frameworks";
				PRODUCT_BUNDLE_IDENTIFIER = com.huangboju.GreatController;
				PRODUCT_NAME = "$(TARGET_NAME)";
				SWIFT_VERSION = 3.0;
			};
			name = Release;
		};
		D8D6C3651E30707600F60208 /* Debug */ = {
			isa = XCBuildConfiguration;
			buildSettings = {
				ALWAYS_EMBED_SWIFT_STANDARD_LIBRARIES = YES;
				INFOPLIST_FILE = GreatControllerUITests/Info.plist;
				LD_RUNPATH_SEARCH_PATHS = "$(inherited) @executable_path/Frameworks @loader_path/Frameworks";
				PRODUCT_BUNDLE_IDENTIFIER = com.huangboju.GreatControllerUITests;
				PRODUCT_NAME = "$(TARGET_NAME)";
				SWIFT_VERSION = 3.0;
				TEST_TARGET_NAME = GreatController;
			};
			name = Debug;
		};
		D8D6C3661E30707600F60208 /* Release */ = {
			isa = XCBuildConfiguration;
			buildSettings = {
				ALWAYS_EMBED_SWIFT_STANDARD_LIBRARIES = YES;
				INFOPLIST_FILE = GreatControllerUITests/Info.plist;
				LD_RUNPATH_SEARCH_PATHS = "$(inherited) @executable_path/Frameworks @loader_path/Frameworks";
				PRODUCT_BUNDLE_IDENTIFIER = com.huangboju.GreatControllerUITests;
				PRODUCT_NAME = "$(TARGET_NAME)";
				SWIFT_VERSION = 3.0;
				TEST_TARGET_NAME = GreatController;
			};
			name = Release;
		};
/* End XCBuildConfiguration section */

/* Begin XCConfigurationList section */
		D8D6C33F1E30707500F60208 /* Build configuration list for PBXProject "GreatController" */ = {
			isa = XCConfigurationList;
			buildConfigurations = (
				D8D6C35F1E30707600F60208 /* Debug */,
				D8D6C3601E30707600F60208 /* Release */,
			);
			defaultConfigurationIsVisible = 0;
			defaultConfigurationName = Release;
		};
		D8D6C3611E30707600F60208 /* Build configuration list for PBXNativeTarget "GreatController" */ = {
			isa = XCConfigurationList;
			buildConfigurations = (
				D8D6C3621E30707600F60208 /* Debug */,
				D8D6C3631E30707600F60208 /* Release */,
			);
			defaultConfigurationIsVisible = 0;
			defaultConfigurationName = Release;
		};
		D8D6C3641E30707600F60208 /* Build configuration list for PBXNativeTarget "GreatControllerUITests" */ = {
			isa = XCConfigurationList;
			buildConfigurations = (
				D8D6C3651E30707600F60208 /* Debug */,
				D8D6C3661E30707600F60208 /* Release */,
			);
			defaultConfigurationIsVisible = 0;
			defaultConfigurationName = Release;
		};
/* End XCConfigurationList section */
	};
	rootObject = D8D6C33C1E30707500F60208 /* Project object */;
}
