// !$*UTF8*$!
{
	archiveVersion = 1;
	classes = {
	};
	objectVersion = 46;
	objects = {

/* Begin PBXBuildFile section */
		D816CE751DDEAFF60096B8C2 /* ChageVariableViewController.swift in Sources */ = {isa = PBXBuildFile; fileRef = D816CE741DDEAFF60096B8C2 /* ChageVariableViewController.swift */; };
		D816CE771DDEB2DD0096B8C2 /* UISetable.swift in Sources */ = {isa = PBXBuildFile; fileRef = D816CE761DDEB2DD0096B8C2 /* UISetable.swift */; };
		D8B64A401DB7218F00D0123E /* AppDelegate.swift in Sources */ = {isa = PBXBuildFile; fileRef = D8B64A3F1DB7218F00D0123E /* AppDelegate.swift */; };
		D8B64A421DB7218F00D0123E /* ViewController.swift in Sources */ = {isa = PBXBuildFile; fileRef = D8B64A411DB7218F00D0123E /* ViewController.swift */; };
		D8B64A451DB7218F00D0123E /* Main.storyboard in Resources */ = {isa = PBXBuildFile; fileRef = D8B64A431DB7218F00D0123E /* Main.storyboard */; };
		D8B64A471DB7218F00D0123E /* Assets.xcassets in Resources */ = {isa = PBXBuildFile; fileRef = D8B64A461DB7218F00D0123E /* Assets.xcassets */; };
		D8B64A4A1DB7218F00D0123E /* LaunchScreen.storyboard in Resources */ = {isa = PBXBuildFile; fileRef = D8B64A481DB7218F00D0123E /* LaunchScreen.storyboard */; };
		D8B64A551DB7218F00D0123E /* RunTimeTests.swift in Sources */ = {isa = PBXBuildFile; fileRef = D8B64A541DB7218F00D0123E /* RunTimeTests.swift */; };
		D8B64A601DB7218F00D0123E /* RunTimeUITests.swift in Sources */ = {isa = PBXBuildFile; fileRef = D8B64A5F1DB7218F00D0123E /* RunTimeUITests.swift */; };
		D8B64A6E1DB724EA00D0123E /* Person.swift in Sources */ = {isa = PBXBuildFile; fileRef = D8B64A6D1DB724EA00D0123E /* Person.swift */; };
		D8C487681DD19ADF008694D8 /* AddMethodViewController.swift in Sources */ = {isa = PBXBuildFile; fileRef = D8C487671DD19ADF008694D8 /* AddMethodViewController.swift */; };
/* End PBXBuildFile section */

/* Begin PBXContainerItemProxy section */
		D8B64A511DB7218F00D0123E /* PBXContainerItemProxy */ = {
			isa = PBXContainerItemProxy;
			containerPortal = D8B64A341DB7218F00D0123E /* Project object */;
			proxyType = 1;
			remoteGlobalIDString = D8B64A3B1DB7218F00D0123E;
			remoteInfo = RunTime;
		};
		D8B64A5C1DB7218F00D0123E /* PBXContainerItemProxy */ = {
			isa = PBXContainerItemProxy;
			containerPortal = D8B64A341DB7218F00D0123E /* Project object */;
			proxyType = 1;
			remoteGlobalIDString = D8B64A3B1DB7218F00D0123E;
			remoteInfo = RunTime;
		};
/* End PBXContainerItemProxy section */

/* Begin PBXFileReference section */
		D816CE741DDEAFF60096B8C2 /* ChageVariableViewController.swift */ = {isa = PBXFileReference; fileEncoding = 4; lastKnownFileType = sourcecode.swift; path = ChageVariableViewController.swift; sourceTree = "<group>"; };
		D816CE761DDEB2DD0096B8C2 /* UISetable.swift */ = {isa = PBXFileReference; fileEncoding = 4; lastKnownFileType = sourcecode.swift; path = UISetable.swift; sourceTree = "<group>"; };
		D8B64A3C1DB7218F00D0123E /* RunTime.app */ = {isa = PBXFileReference; explicitFileType = wrapper.application; includeInIndex = 0; path = RunTime.app; sourceTree = BUILT_PRODUCTS_DIR; };
		D8B64A3F1DB7218F00D0123E /* AppDelegate.swift */ = {isa = PBXFileReference; lastKnownFileType = sourcecode.swift; path = AppDelegate.swift; sourceTree = "<group>"; };
		D8B64A411DB7218F00D0123E /* ViewController.swift */ = {isa = PBXFileReference; lastKnownFileType = sourcecode.swift; path = ViewController.swift; sourceTree = "<group>"; };
		D8B64A441DB7218F00D0123E /* Base */ = {isa = PBXFileReference; lastKnownFileType = file.storyboard; name = Base; path = Base.lproj/Main.storyboard; sourceTree = "<group>"; };
		D8B64A461DB7218F00D0123E /* Assets.xcassets */ = {isa = PBXFileReference; lastKnownFileType = folder.assetcatalog; path = Assets.xcassets; sourceTree = "<group>"; };
		D8B64A491DB7218F00D0123E /* Base */ = {isa = PBXFileReference; lastKnownFileType = file.storyboard; name = Base; path = Base.lproj/LaunchScreen.storyboard; sourceTree = "<group>"; };
		D8B64A4B1DB7218F00D0123E /* Info.plist */ = {isa = PBXFileReference; lastKnownFileType = text.plist.xml; path = Info.plist; sourceTree = "<group>"; };
		D8B64A501DB7218F00D0123E /* RunTimeTests.xctest */ = {isa = PBXFileReference; explicitFileType = wrapper.cfbundle; includeInIndex = 0; path = RunTimeTests.xctest; sourceTree = BUILT_PRODUCTS_DIR; };
		D8B64A541DB7218F00D0123E /* RunTimeTests.swift */ = {isa = PBXFileReference; lastKnownFileType = sourcecode.swift; path = RunTimeTests.swift; sourceTree = "<group>"; };
		D8B64A561DB7218F00D0123E /* Info.plist */ = {isa = PBXFileReference; lastKnownFileType = text.plist.xml; path = Info.plist; sourceTree = "<group>"; };
		D8B64A5B1DB7218F00D0123E /* RunTimeUITests.xctest */ = {isa = PBXFileReference; explicitFileType = wrapper.cfbundle; includeInIndex = 0; path = RunTimeUITests.xctest; sourceTree = BUILT_PRODUCTS_DIR; };
		D8B64A5F1DB7218F00D0123E /* RunTimeUITests.swift */ = {isa = PBXFileReference; lastKnownFileType = sourcecode.swift; path = RunTimeUITests.swift; sourceTree = "<group>"; };
		D8B64A611DB7218F00D0123E /* Info.plist */ = {isa = PBXFileReference; lastKnownFileType = text.plist.xml; path = Info.plist; sourceTree = "<group>"; };
		D8B64A6D1DB724EA00D0123E /* Person.swift */ = {isa = PBXFileReference; fileEncoding = 4; lastKnownFileType = sourcecode.swift; path = Person.swift; sourceTree = "<group>"; };
		D8C487671DD19ADF008694D8 /* AddMethodViewController.swift */ = {isa = PBXFileReference; fileEncoding = 4; lastKnownFileType = sourcecode.swift; path = AddMethodViewController.swift; sourceTree = "<group>"; };
/* End PBXFileReference section */

/* Begin PBXFrameworksBuildPhase section */
		D8B64A391DB7218F00D0123E /* Frameworks */ = {
			isa = PBXFrameworksBuildPhase;
			buildActionMask = 2147483647;
			files = (
			);
			runOnlyForDeploymentPostprocessing = 0;
		};
		D8B64A4D1DB7218F00D0123E /* Frameworks */ = {
			isa = PBXFrameworksBuildPhase;
			buildActionMask = 2147483647;
			files = (
			);
			runOnlyForDeploymentPostprocessing = 0;
		};
		D8B64A581DB7218F00D0123E /* Frameworks */ = {
			isa = PBXFrameworksBuildPhase;
			buildActionMask = 2147483647;
			files = (
			);
			runOnlyForDeploymentPostprocessing = 0;
		};
/* End PBXFrameworksBuildPhase section */

/* Begin PBXGroup section */
		D8B64A331DB7218F00D0123E = {
			isa = PBXGroup;
			children = (
				D8B64A3E1DB7218F00D0123E /* RunTime */,
				D8B64A531DB7218F00D0123E /* RunTimeTests */,
				D8B64A5E1DB7218F00D0123E /* RunTimeUITests */,
				D8B64A3D1DB7218F00D0123E /* Products */,
			);
			sourceTree = "<group>";
		};
		D8B64A3D1DB7218F00D0123E /* Products */ = {
			isa = PBXGroup;
			children = (
				D8B64A3C1DB7218F00D0123E /* RunTime.app */,
				D8B64A501DB7218F00D0123E /* RunTimeTests.xctest */,
				D8B64A5B1DB7218F00D0123E /* RunTimeUITests.xctest */,
			);
			name = Products;
			sourceTree = "<group>";
		};
		D8B64A3E1DB7218F00D0123E /* RunTime */ = {
			isa = PBXGroup;
			children = (
				D8B64A3F1DB7218F00D0123E /* AppDelegate.swift */,
				D8B64A411DB7218F00D0123E /* ViewController.swift */,
				D8B64A431DB7218F00D0123E /* Main.storyboard */,
				D8B64A461DB7218F00D0123E /* Assets.xcassets */,
				D8B64A481DB7218F00D0123E /* LaunchScreen.storyboard */,
				D8B64A4B1DB7218F00D0123E /* Info.plist */,
				D8B64A6D1DB724EA00D0123E /* Person.swift */,
				D8C487671DD19ADF008694D8 /* AddMethodViewController.swift */,
				D816CE741DDEAFF60096B8C2 /* ChageVariableViewController.swift */,
				D816CE761DDEB2DD0096B8C2 /* UISetable.swift */,
			);
			path = RunTime;
			sourceTree = "<group>";
		};
		D8B64A531DB7218F00D0123E /* RunTimeTests */ = {
			isa = PBXGroup;
			children = (
				D8B64A541DB7218F00D0123E /* RunTimeTests.swift */,
				D8B64A561DB7218F00D0123E /* Info.plist */,
			);
			path = RunTimeTests;
			sourceTree = "<group>";
		};
		D8B64A5E1DB7218F00D0123E /* RunTimeUITests */ = {
			isa = PBXGroup;
			children = (
				D8B64A5F1DB7218F00D0123E /* RunTimeUITests.swift */,
				D8B64A611DB7218F00D0123E /* Info.plist */,
			);
			path = RunTimeUITests;
			sourceTree = "<group>";
		};
/* End PBXGroup section */

/* Begin PBXNativeTarget section */
		D8B64A3B1DB7218F00D0123E /* RunTime */ = {
			isa = PBXNativeTarget;
			buildConfigurationList = D8B64A641DB7218F00D0123E /* Build configuration list for PBXNativeTarget "RunTime" */;
			buildPhases = (
				D8B64A381DB7218F00D0123E /* Sources */,
				D8B64A391DB7218F00D0123E /* Frameworks */,
				D8B64A3A1DB7218F00D0123E /* Resources */,
			);
			buildRules = (
			);
			dependencies = (
			);
			name = RunTime;
			productName = RunTime;
			productReference = D8B64A3C1DB7218F00D0123E /* RunTime.app */;
			productType = "com.apple.product-type.application";
		};
		D8B64A4F1DB7218F00D0123E /* RunTimeTests */ = {
			isa = PBXNativeTarget;
			buildConfigurationList = D8B64A671DB7218F00D0123E /* Build configuration list for PBXNativeTarget "RunTimeTests" */;
			buildPhases = (
				D8B64A4C1DB7218F00D0123E /* Sources */,
				D8B64A4D1DB7218F00D0123E /* Frameworks */,
				D8B64A4E1DB7218F00D0123E /* Resources */,
			);
			buildRules = (
			);
			dependencies = (
				D8B64A521DB7218F00D0123E /* PBXTargetDependency */,
			);
			name = RunTimeTests;
			productName = RunTimeTests;
			productReference = D8B64A501DB7218F00D0123E /* RunTimeTests.xctest */;
			productType = "com.apple.product-type.bundle.unit-test";
		};
		D8B64A5A1DB7218F00D0123E /* RunTimeUITests */ = {
			isa = PBXNativeTarget;
			buildConfigurationList = D8B64A6A1DB7218F00D0123E /* Build configuration list for PBXNativeTarget "RunTimeUITests" */;
			buildPhases = (
				D8B64A571DB7218F00D0123E /* Sources */,
				D8B64A581DB7218F00D0123E /* Frameworks */,
				D8B64A591DB7218F00D0123E /* Resources */,
			);
			buildRules = (
			);
			dependencies = (
				D8B64A5D1DB7218F00D0123E /* PBXTargetDependency */,
			);
			name = RunTimeUITests;
			productName = RunTimeUITests;
			productReference = D8B64A5B1DB7218F00D0123E /* RunTimeUITests.xctest */;
			productType = "com.apple.product-type.bundle.ui-testing";
		};
/* End PBXNativeTarget section */

/* Begin PBXProject section */
		D8B64A341DB7218F00D0123E /* Project object */ = {
			isa = PBXProject;
			attributes = {
				LastSwiftUpdateCheck = 0800;
				LastUpgradeCheck = 0810;
				ORGANIZATIONNAME = "伯驹 黄";
				TargetAttributes = {
					D8B64A3B1DB7218F00D0123E = {
						CreatedOnToolsVersion = 8.0;
						ProvisioningStyle = Automatic;
					};
					D8B64A4F1DB7218F00D0123E = {
						CreatedOnToolsVersion = 8.0;
						ProvisioningStyle = Automatic;
						TestTargetID = D8B64A3B1DB7218F00D0123E;
					};
					D8B64A5A1DB7218F00D0123E = {
						CreatedOnToolsVersion = 8.0;
						ProvisioningStyle = Automatic;
						TestTargetID = D8B64A3B1DB7218F00D0123E;
					};
				};
			};
			buildConfigurationList = D8B64A371DB7218F00D0123E /* Build configuration list for PBXProject "RunTime" */;
			compatibilityVersion = "Xcode 3.2";
			developmentRegion = English;
			hasScannedForEncodings = 0;
			knownRegions = (
				en,
				Base,
			);
			mainGroup = D8B64A331DB7218F00D0123E;
			productRefGroup = D8B64A3D1DB7218F00D0123E /* Products */;
			projectDirPath = "";
			projectRoot = "";
			targets = (
				D8B64A3B1DB7218F00D0123E /* RunTime */,
				D8B64A4F1DB7218F00D0123E /* RunTimeTests */,
				D8B64A5A1DB7218F00D0123E /* RunTimeUITests */,
			);
		};
/* End PBXProject section */

/* Begin PBXResourcesBuildPhase section */
		D8B64A3A1DB7218F00D0123E /* Resources */ = {
			isa = PBXResourcesBuildPhase;
			buildActionMask = 2147483647;
			files = (
				D8B64A4A1DB7218F00D0123E /* LaunchScreen.storyboard in Resources */,
				D8B64A471DB7218F00D0123E /* Assets.xcassets in Resources */,
				D8B64A451DB7218F00D0123E /* Main.storyboard in Resources */,
			);
			runOnlyForDeploymentPostprocessing = 0;
		};
		D8B64A4E1DB7218F00D0123E /* Resources */ = {
			isa = PBXResourcesBuildPhase;
			buildActionMask = 2147483647;
			files = (
			);
			runOnlyForDeploymentPostprocessing = 0;
		};
		D8B64A591DB7218F00D0123E /* Resources */ = {
			isa = PBXResourcesBuildPhase;
			buildActionMask = 2147483647;
			files = (
			);
			runOnlyForDeploymentPostprocessing = 0;
		};
/* End PBXResourcesBuildPhase section */

/* Begin PBXSourcesBuildPhase section */
		D8B64A381DB7218F00D0123E /* Sources */ = {
			isa = PBXSourcesBuildPhase;
			buildActionMask = 2147483647;
			files = (
				D816CE771DDEB2DD0096B8C2 /* UISetable.swift in Sources */,
				D816CE751DDEAFF60096B8C2 /* ChageVariableViewController.swift in Sources */,
				D8B64A6E1DB724EA00D0123E /* Person.swift in Sources */,
				D8C487681DD19ADF008694D8 /* AddMethodViewController.swift in Sources */,
				D8B64A421DB7218F00D0123E /* ViewController.swift in Sources */,
				D8B64A401DB7218F00D0123E /* AppDelegate.swift in Sources */,
			);
			runOnlyForDeploymentPostprocessing = 0;
		};
		D8B64A4C1DB7218F00D0123E /* Sources */ = {
			isa = PBXSourcesBuildPhase;
			buildActionMask = 2147483647;
			files = (
				D8B64A551DB7218F00D0123E /* RunTimeTests.swift in Sources */,
			);
			runOnlyForDeploymentPostprocessing = 0;
		};
		D8B64A571DB7218F00D0123E /* Sources */ = {
			isa = PBXSourcesBuildPhase;
			buildActionMask = 2147483647;
			files = (
				D8B64A601DB7218F00D0123E /* RunTimeUITests.swift in Sources */,
			);
			runOnlyForDeploymentPostprocessing = 0;
		};
/* End PBXSourcesBuildPhase section */

/* Begin PBXTargetDependency section */
		D8B64A521DB7218F00D0123E /* PBXTargetDependency */ = {
			isa = PBXTargetDependency;
			target = D8B64A3B1DB7218F00D0123E /* RunTime */;
			targetProxy = D8B64A511DB7218F00D0123E /* PBXContainerItemProxy */;
		};
		D8B64A5D1DB7218F00D0123E /* PBXTargetDependency */ = {
			isa = PBXTargetDependency;
			target = D8B64A3B1DB7218F00D0123E /* RunTime */;
			targetProxy = D8B64A5C1DB7218F00D0123E /* PBXContainerItemProxy */;
		};
/* End PBXTargetDependency section */

/* Begin PBXVariantGroup section */
		D8B64A431DB7218F00D0123E /* Main.storyboard */ = {
			isa = PBXVariantGroup;
			children = (
				D8B64A441DB7218F00D0123E /* Base */,
			);
			name = Main.storyboard;
			sourceTree = "<group>";
		};
		D8B64A481DB7218F00D0123E /* LaunchScreen.storyboard */ = {
			isa = PBXVariantGroup;
			children = (
				D8B64A491DB7218F00D0123E /* Base */,
			);
			name = LaunchScreen.storyboard;
			sourceTree = "<group>";
		};
/* End PBXVariantGroup section */

/* Begin XCBuildConfiguration section */
		D8B64A621DB7218F00D0123E /* Debug */ = {
			isa = XCBuildConfiguration;
			buildSettings = {
				ALWAYS_SEARCH_USER_PATHS = NO;
				CLANG_ANALYZER_NONNULL = YES;
				CLANG_CXX_LANGUAGE_STANDARD = "gnu++0x";
				CLANG_CXX_LIBRARY = "libc++";
				CLANG_ENABLE_MODULES = YES;
				CLANG_ENABLE_OBJC_ARC = YES;
				CLANG_WARN_BOOL_CONVERSION = YES;
				CLANG_WARN_CONSTANT_CONVERSION = YES;
				CLANG_WARN_DIRECT_OBJC_ISA_USAGE = YES_ERROR;
				CLANG_WARN_DOCUMENTATION_COMMENTS = YES;
				CLANG_WARN_EMPTY_BODY = YES;
				CLANG_WARN_ENUM_CONVERSION = YES;
				CLANG_WARN_INFINITE_RECURSION = YES;
				CLANG_WARN_INT_CONVERSION = YES;
				CLANG_WARN_OBJC_ROOT_CLASS = YES_ERROR;
				CLANG_WARN_SUSPICIOUS_MOVE = YES;
				CLANG_WARN_SUSPICIOUS_MOVES = YES;
				CLANG_WARN_UNREACHABLE_CODE = YES;
				CLANG_WARN__DUPLICATE_METHOD_MATCH = YES;
				"CODE_SIGN_IDENTITY[sdk=iphoneos*]" = "iPhone Developer";
				COPY_PHASE_STRIP = NO;
				DEBUG_INFORMATION_FORMAT = dwarf;
				ENABLE_STRICT_OBJC_MSGSEND = YES;
				ENABLE_TESTABILITY = YES;
				GCC_C_LANGUAGE_STANDARD = gnu99;
				GCC_DYNAMIC_NO_PIC = NO;
				GCC_NO_COMMON_BLOCKS = YES;
				GCC_OPTIMIZATION_LEVEL = 0;
				GCC_PREPROCESSOR_DEFINITIONS = (
					"DEBUG=1",
					"$(inherited)",
				);
				GCC_WARN_64_TO_32_BIT_CONVERSION = YES;
				GCC_WARN_ABOUT_RETURN_TYPE = YES_ERROR;
				GCC_WARN_UNDECLARED_SELECTOR = YES;
				GCC_WARN_UNINITIALIZED_AUTOS = YES_AGGRESSIVE;
				GCC_WARN_UNUSED_FUNCTION = YES;
				GCC_WARN_UNUSED_VARIABLE = YES;
				IPHONEOS_DEPLOYMENT_TARGET = 10.0;
				MTL_ENABLE_DEBUG_INFO = YES;
				ONLY_ACTIVE_ARCH = YES;
				SDKROOT = iphoneos;
				SWIFT_ACTIVE_COMPILATION_CONDITIONS = DEBUG;
				SWIFT_OPTIMIZATION_LEVEL = "-Onone";
			};
			name = Debug;
		};
		D8B64A631DB7218F00D0123E /* Release */ = {
			isa = XCBuildConfiguration;
			buildSettings = {
				ALWAYS_SEARCH_USER_PATHS = NO;
				CLANG_ANALYZER_NONNULL = YES;
				CLANG_CXX_LANGUAGE_STANDARD = "gnu++0x";
				CLANG_CXX_LIBRARY = "libc++";
				CLANG_ENABLE_MODULES = YES;
				CLANG_ENABLE_OBJC_ARC = YES;
				CLANG_WARN_BOOL_CONVERSION = YES;
				CLANG_WARN_CONSTANT_CONVERSION = YES;
				CLANG_WARN_DIRECT_OBJC_ISA_USAGE = YES_ERROR;
				CLANG_WARN_DOCUMENTATION_COMMENTS = YES;
				CLANG_WARN_EMPTY_BODY = YES;
				CLANG_WARN_ENUM_CONVERSION = YES;
				CLANG_WARN_INFINITE_RECURSION = YES;
				CLANG_WARN_INT_CONVERSION = YES;
				CLANG_WARN_OBJC_ROOT_CLASS = YES_ERROR;
				CLANG_WARN_SUSPICIOUS_MOVE = YES;
				CLANG_WARN_SUSPICIOUS_MOVES = YES;
				CLANG_WARN_UNREACHABLE_CODE = YES;
				CLANG_WARN__DUPLICATE_METHOD_MATCH = YES;
				"CODE_SIGN_IDENTITY[sdk=iphoneos*]" = "iPhone Developer";
				COPY_PHASE_STRIP = NO;
				DEBUG_INFORMATION_FORMAT = "dwarf-with-dsym";
				ENABLE_NS_ASSERTIONS = NO;
				ENABLE_STRICT_OBJC_MSGSEND = YES;
				GCC_C_LANGUAGE_STANDARD = gnu99;
				GCC_NO_COMMON_BLOCKS = YES;
				GCC_WARN_64_TO_32_BIT_CONVERSION = YES;
				GCC_WARN_ABOUT_RETURN_TYPE = YES_ERROR;
				GCC_WARN_UNDECLARED_SELECTOR = YES;
				GCC_WARN_UNINITIALIZED_AUTOS = YES_AGGRESSIVE;
				GCC_WARN_UNUSED_FUNCTION = YES;
				GCC_WARN_UNUSED_VARIABLE = YES;
				IPHONEOS_DEPLOYMENT_TARGET = 10.0;
				MTL_ENABLE_DEBUG_INFO = NO;
				SDKROOT = iphoneos;
				SWIFT_OPTIMIZATION_LEVEL = "-Owholemodule";
				VALIDATE_PRODUCT = YES;
			};
			name = Release;
		};
		D8B64A651DB7218F00D0123E /* Debug */ = {
			isa = XCBuildConfiguration;
			buildSettings = {
				ASSETCATALOG_COMPILER_APPICON_NAME = AppIcon;
				INFOPLIST_FILE = RunTime/Info.plist;
				LD_RUNPATH_SEARCH_PATHS = "$(inherited) @executable_path/Frameworks";
				PRODUCT_BUNDLE_IDENTIFIER = RunTime.RunTime;
				PRODUCT_NAME = "$(TARGET_NAME)";
				SWIFT_VERSION = 3.0;
			};
			name = Debug;
		};
		D8B64A661DB7218F00D0123E /* Release */ = {
			isa = XCBuildConfiguration;
			buildSettings = {
				ASSETCATALOG_COMPILER_APPICON_NAME = AppIcon;
				INFOPLIST_FILE = RunTime/Info.plist;
				LD_RUNPATH_SEARCH_PATHS = "$(inherited) @executable_path/Frameworks";
				PRODUCT_BUNDLE_IDENTIFIER = RunTime.RunTime;
				PRODUCT_NAME = "$(TARGET_NAME)";
				SWIFT_VERSION = 3.0;
			};
			name = Release;
		};
		D8B64A681DB7218F00D0123E /* Debug */ = {
			isa = XCBuildConfiguration;
			buildSettings = {
				ALWAYS_EMBED_SWIFT_STANDARD_LIBRARIES = YES;
				BUNDLE_LOADER = "$(TEST_HOST)";
				INFOPLIST_FILE = RunTimeTests/Info.plist;
				LD_RUNPATH_SEARCH_PATHS = "$(inherited) @executable_path/Frameworks @loader_path/Frameworks";
				PRODUCT_BUNDLE_IDENTIFIER = RunTime.RunTimeTests;
				PRODUCT_NAME = "$(TARGET_NAME)";
				SWIFT_VERSION = 3.0;
				TEST_HOST = "$(BUILT_PRODUCTS_DIR)/RunTime.app/RunTime";
			};
			name = Debug;
		};
		D8B64A691DB7218F00D0123E /* Release */ = {
			isa = XCBuildConfiguration;
			buildSettings = {
				ALWAYS_EMBED_SWIFT_STANDARD_LIBRARIES = YES;
				BUNDLE_LOADER = "$(TEST_HOST)";
				INFOPLIST_FILE = RunTimeTests/Info.plist;
				LD_RUNPATH_SEARCH_PATHS = "$(inherited) @executable_path/Frameworks @loader_path/Frameworks";
				PRODUCT_BUNDLE_IDENTIFIER = RunTime.RunTimeTests;
				PRODUCT_NAME = "$(TARGET_NAME)";
				SWIFT_VERSION = 3.0;
				TEST_HOST = "$(BUILT_PRODUCTS_DIR)/RunTime.app/RunTime";
			};
			name = Release;
		};
		D8B64A6B1DB7218F00D0123E /* Debug */ = {
			isa = XCBuildConfiguration;
			buildSettings = {
				ALWAYS_EMBED_SWIFT_STANDARD_LIBRARIES = YES;
				INFOPLIST_FILE = RunTimeUITests/Info.plist;
				LD_RUNPATH_SEARCH_PATHS = "$(inherited) @executable_path/Frameworks @loader_path/Frameworks";
				PRODUCT_BUNDLE_IDENTIFIER = RunTime.RunTimeUITests;
				PRODUCT_NAME = "$(TARGET_NAME)";
				SWIFT_VERSION = 3.0;
				TEST_TARGET_NAME = RunTime;
			};
			name = Debug;
		};
		D8B64A6C1DB7218F00D0123E /* Release */ = {
			isa = XCBuildConfiguration;
			buildSettings = {
				ALWAYS_EMBED_SWIFT_STANDARD_LIBRARIES = YES;
				INFOPLIST_FILE = RunTimeUITests/Info.plist;
				LD_RUNPATH_SEARCH_PATHS = "$(inherited) @executable_path/Frameworks @loader_path/Frameworks";
				PRODUCT_BUNDLE_IDENTIFIER = RunTime.RunTimeUITests;
				PRODUCT_NAME = "$(TARGET_NAME)";
				SWIFT_VERSION = 3.0;
				TEST_TARGET_NAME = RunTime;
			};
			name = Release;
		};
/* End XCBuildConfiguration section */

/* Begin XCConfigurationList section */
		D8B64A371DB7218F00D0123E /* Build configuration list for PBXProject "RunTime" */ = {
			isa = XCConfigurationList;
			buildConfigurations = (
				D8B64A621DB7218F00D0123E /* Debug */,
				D8B64A631DB7218F00D0123E /* Release */,
			);
			defaultConfigurationIsVisible = 0;
			defaultConfigurationName = Release;
		};
		D8B64A641DB7218F00D0123E /* Build configuration list for PBXNativeTarget "RunTime" */ = {
			isa = XCConfigurationList;
			buildConfigurations = (
				D8B64A651DB7218F00D0123E /* Debug */,
				D8B64A661DB7218F00D0123E /* Release */,
			);
			defaultConfigurationIsVisible = 0;
			defaultConfigurationName = Release;
		};
		D8B64A671DB7218F00D0123E /* Build configuration list for PBXNativeTarget "RunTimeTests" */ = {
			isa = XCConfigurationList;
			buildConfigurations = (
				D8B64A681DB7218F00D0123E /* Debug */,
				D8B64A691DB7218F00D0123E /* Release */,
			);
			defaultConfigurationIsVisible = 0;
			defaultConfigurationName = Release;
		};
		D8B64A6A1DB7218F00D0123E /* Build configuration list for PBXNativeTarget "RunTimeUITests" */ = {
			isa = XCConfigurationList;
			buildConfigurations = (
				D8B64A6B1DB7218F00D0123E /* Debug */,
				D8B64A6C1DB7218F00D0123E /* Release */,
			);
			defaultConfigurationIsVisible = 0;
			defaultConfigurationName = Release;
		};
/* End XCConfigurationList section */
	};
	rootObject = D8B64A341DB7218F00D0123E /* Project object */;
}
