// !$*UTF8*$!
{
	archiveVersion = 1;
	classes = {
	};
	objectVersion = 46;
	objects = {

/* Begin PBXBuildFile section */
		CA3D747570098C7BBC44C4A8 /* Pods_wanlezu.framework in Frameworks */ = {isa = PBXBuildFile; fileRef = B3C682BF41210C4AF4F06E1B /* Pods_wanlezu.framework */; };
		D81C05EE1EEFADE90086B629 /* Main.storyboard in Resources */ = {isa = PBXBuildFile; fileRef = D81C05EC1EEFADE90086B629 /* Main.storyboard */; };
		D81C05F01EEFADE90086B629 /* Assets.xcassets in Resources */ = {isa = PBXBuildFile; fileRef = D81C05EF1EEFADE90086B629 /* Assets.xcassets */; };
		D81C05F31EEFADE90086B629 /* LaunchScreen.storyboard in Resources */ = {isa = PBXBuildFile; fileRef = D81C05F11EEFADE90086B629 /* LaunchScreen.storyboard */; };
		D81C05FE1EEFADE90086B629 /* wanlezuUITests.swift in Sources */ = {isa = PBXBuildFile; fileRef = D81C05FD1EEFADE90086B629 /* wanlezuUITests.swift */; };
		D81C060E1EEFB1100086B629 /* AppDelegate.swift in Sources */ = {isa = PBXBuildFile; fileRef = D81C060D1EEFB1100086B629 /* AppDelegate.swift */; };
		D81C06AF1EEFE1DB0086B629 /* Bundle+Extension.swift in Sources */ = {isa = PBXBuildFile; fileRef = D81C069A1EEFE1DB0086B629 /* Bundle+Extension.swift */; };
		D81C06B01EEFE1DB0086B629 /* CGRect+Extension.swift in Sources */ = {isa = PBXBuildFile; fileRef = D81C069B1EEFE1DB0086B629 /* CGRect+Extension.swift */; };
		D81C06B11EEFE1DB0086B629 /* CGSize+Extension.swift in Sources */ = {isa = PBXBuildFile; fileRef = D81C069C1EEFE1DB0086B629 /* CGSize+Extension.swift */; };
		D81C06B21EEFE1DB0086B629 /* Dictionary+Extension.swift in Sources */ = {isa = PBXBuildFile; fileRef = D81C069D1EEFE1DB0086B629 /* Dictionary+Extension.swift */; };
		D81C06B31EEFE1DB0086B629 /* DispatchQueue+QMUI.swift in Sources */ = {isa = PBXBuildFile; fileRef = D81C069E1EEFE1DB0086B629 /* DispatchQueue+QMUI.swift */; };
		D81C06B41EEFE1DB0086B629 /* String+Extensions.swift in Sources */ = {isa = PBXBuildFile; fileRef = D81C069F1EEFE1DB0086B629 /* String+Extensions.swift */; };
		D81C06B51EEFE1DB0086B629 /* TextRow+Extension.swift in Sources */ = {isa = PBXBuildFile; fileRef = D81C06A01EEFE1DB0086B629 /* TextRow+Extension.swift */; };
		D81C06B61EEFE1DB0086B629 /* UIApplication.swift in Sources */ = {isa = PBXBuildFile; fileRef = D81C06A11EEFE1DB0086B629 /* UIApplication.swift */; };
		D81C06B71EEFE1DB0086B629 /* UIBezierPath+Extension.swift in Sources */ = {isa = PBXBuildFile; fileRef = D81C06A21EEFE1DB0086B629 /* UIBezierPath+Extension.swift */; };
		D81C06B81EEFE1DB0086B629 /* UIButton+Extension.swift in Sources */ = {isa = PBXBuildFile; fileRef = D81C06A31EEFE1DB0086B629 /* UIButton+Extension.swift */; };
		D81C06B91EEFE1DB0086B629 /* UICollectionReusableView+Extension.swift in Sources */ = {isa = PBXBuildFile; fileRef = D81C06A41EEFE1DB0086B629 /* UICollectionReusableView+Extension.swift */; };
		D81C06BA1EEFE1DB0086B629 /* UIColor+Extension.swift in Sources */ = {isa = PBXBuildFile; fileRef = D81C06A51EEFE1DB0086B629 /* UIColor+Extension.swift */; };
		D81C06BB1EEFE1DB0086B629 /* UIEdgeInsets+Extension.swift in Sources */ = {isa = PBXBuildFile; fileRef = D81C06A61EEFE1DB0086B629 /* UIEdgeInsets+Extension.swift */; };
		D81C06BC1EEFE1DB0086B629 /* UIFont+Extensions.swift in Sources */ = {isa = PBXBuildFile; fileRef = D81C06A71EEFE1DB0086B629 /* UIFont+Extensions.swift */; };
		D81C06BD1EEFE1DB0086B629 /* UIImage+Extension.swift in Sources */ = {isa = PBXBuildFile; fileRef = D81C06A81EEFE1DB0086B629 /* UIImage+Extension.swift */; };
		D81C06BE1EEFE1DB0086B629 /* UIImageView+Extension.swift in Sources */ = {isa = PBXBuildFile; fileRef = D81C06A91EEFE1DB0086B629 /* UIImageView+Extension.swift */; };
		D81C06BF1EEFE1DB0086B629 /* UIResponder+Extension.swift in Sources */ = {isa = PBXBuildFile; fileRef = D81C06AA1EEFE1DB0086B629 /* UIResponder+Extension.swift */; };
		D81C06C01EEFE1DB0086B629 /* UIView+Extension.swift in Sources */ = {isa = PBXBuildFile; fileRef = D81C06AB1EEFE1DB0086B629 /* UIView+Extension.swift */; };
		D81C06C11EEFE1DB0086B629 /* UIViewController+Extensions.swift in Sources */ = {isa = PBXBuildFile; fileRef = D81C06AC1EEFE1DB0086B629 /* UIViewController+Extensions.swift */; };
		D81C06C21EEFE1DB0086B629 /* UIWindow+Extension.swift in Sources */ = {isa = PBXBuildFile; fileRef = D81C06AD1EEFE1DB0086B629 /* UIWindow+Extension.swift */; };
		D81C06C31EEFE1DB0086B629 /* URL+Extension.swift in Sources */ = {isa = PBXBuildFile; fileRef = D81C06AE1EEFE1DB0086B629 /* URL+Extension.swift */; };
		D81C06CB1EEFE2BA0086B629 /* APPCommonDefines.swift in Sources */ = {isa = PBXBuildFile; fileRef = D81C06C81EEFE2BA0086B629 /* APPCommonDefines.swift */; };
		D81C06CC1EEFE2BA0086B629 /* APPConfigurationManager.swift in Sources */ = {isa = PBXBuildFile; fileRef = D81C06C91EEFE2BA0086B629 /* APPConfigurationManager.swift */; };
		D81C06CD1EEFE2BA0086B629 /* AppHelper.swift in Sources */ = {isa = PBXBuildFile; fileRef = D81C06CA1EEFE2BA0086B629 /* AppHelper.swift */; };
		D81C06D11EEFE2F50086B629 /* CommonDelegate.swift in Sources */ = {isa = PBXBuildFile; fileRef = D81C06CF1EEFE2F50086B629 /* CommonDelegate.swift */; };
		D81C06D21EEFE2F50086B629 /* Reusable.swift in Sources */ = {isa = PBXBuildFile; fileRef = D81C06D01EEFE2F50086B629 /* Reusable.swift */; };
		D81C06D51EEFE31D0086B629 /* APPDefaults.swift in Sources */ = {isa = PBXBuildFile; fileRef = D81C06D41EEFE31D0086B629 /* APPDefaults.swift */; };
		D81C06D91EEFE3790086B629 /* BaseController.swift in Sources */ = {isa = PBXBuildFile; fileRef = D81C06D61EEFE3790086B629 /* BaseController.swift */; };
		D81C06DA1EEFE3790086B629 /* Developer.swift in Sources */ = {isa = PBXBuildFile; fileRef = D81C06D71EEFE3790086B629 /* Developer.swift */; };
		D81C06DB1EEFE3790086B629 /* GroupedController.swift in Sources */ = {isa = PBXBuildFile; fileRef = D81C06D81EEFE3790086B629 /* GroupedController.swift */; };
		D81C06E21EEFEBCC0086B629 /* AppConfigurationTemplate.swift in Sources */ = {isa = PBXBuildFile; fileRef = D81C06E01EEFEBCC0086B629 /* AppConfigurationTemplate.swift */; };
		D81C06E31EEFEBCC0086B629 /* Constants.swift in Sources */ = {isa = PBXBuildFile; fileRef = D81C06E11EEFEBCC0086B629 /* Constants.swift */; };
		D81C06E51EEFEC3A0086B629 /* MainTabbar.swift in Sources */ = {isa = PBXBuildFile; fileRef = D81C06E41EEFEC3A0086B629 /* MainTabbar.swift */; };
		D81C06E91EEFED3B0086B629 /* Home.swift in Sources */ = {isa = PBXBuildFile; fileRef = D81C06E71EEFED3B0086B629 /* Home.swift */; };
		D81C06EA1EEFED3B0086B629 /* Me.swift in Sources */ = {isa = PBXBuildFile; fileRef = D81C06E81EEFED3B0086B629 /* Me.swift */; };
		D81C06EC1EEFED4A0086B629 /* SignIn.swift in Sources */ = {isa = PBXBuildFile; fileRef = D81C06EB1EEFED4A0086B629 /* SignIn.swift */; };
		D81C06EE1EEFED600086B629 /* SignUp.swift in Sources */ = {isa = PBXBuildFile; fileRef = D81C06ED1EEFED600086B629 /* SignUp.swift */; };
		D81C06F01EEFED830086B629 /* PhoneNumber.swift in Sources */ = {isa = PBXBuildFile; fileRef = D81C06EF1EEFED830086B629 /* PhoneNumber.swift */; };
		D81C06F21EEFEF9C0086B629 /* ForgetPassword.swift in Sources */ = {isa = PBXBuildFile; fileRef = D81C06F11EEFEF9C0086B629 /* ForgetPassword.swift */; };
		D821C43C1EF22321004DCC6A /* Enums.swift in Sources */ = {isa = PBXBuildFile; fileRef = D821C4391EF22321004DCC6A /* Enums.swift */; };
		D821C43D1EF22321004DCC6A /* HMScrollView.swift in Sources */ = {isa = PBXBuildFile; fileRef = D821C43A1EF22321004DCC6A /* HMScrollView.swift */; };
		D821C43E1EF22321004DCC6A /* HMSegmentedControl.swift in Sources */ = {isa = PBXBuildFile; fileRef = D821C43B1EF22321004DCC6A /* HMSegmentedControl.swift */; };
		D821C4411EF226DD004DCC6A /* QMUIButton.swift in Sources */ = {isa = PBXBuildFile; fileRef = D821C4401EF226DD004DCC6A /* QMUIButton.swift */; };
		D821C4431EF22B83004DCC6A /* CALayer+Extension.swift in Sources */ = {isa = PBXBuildFile; fileRef = D821C4421EF22B83004DCC6A /* CALayer+Extension.swift */; };
		D850E9711EF2326700F365F8 /* Widget.swift in Sources */ = {isa = PBXBuildFile; fileRef = D850E9701EF2326700F365F8 /* Widget.swift */; };
		D850E97D1EF2AC5800F365F8 /* UIViewController+APP.swift in Sources */ = {isa = PBXBuildFile; fileRef = D850E97C1EF2AC5800F365F8 /* UIViewController+APP.swift */; };
		D850E97F1EF2B04900F365F8 /* Eureka+App.swift in Sources */ = {isa = PBXBuildFile; fileRef = D850E97E1EF2B04900F365F8 /* Eureka+App.swift */; };
		D850E9811EF2B1A200F365F8 /* Utils.swift in Sources */ = {isa = PBXBuildFile; fileRef = D850E9801EF2B1A200F365F8 /* Utils.swift */; };
		D850E9831EF2B3B700F365F8 /* String+App.swift in Sources */ = {isa = PBXBuildFile; fileRef = D850E9821EF2B3B700F365F8 /* String+App.swift */; };
		D850E9891EF36D9300F365F8 /* APIProvider.swift in Sources */ = {isa = PBXBuildFile; fileRef = D850E9881EF36D9300F365F8 /* APIProvider.swift */; };
		D850E98B1EF36DDD00F365F8 /* Service.swift in Sources */ = {isa = PBXBuildFile; fileRef = D850E98A1EF36DDD00F365F8 /* Service.swift */; };
		D850E98D1EF36EC500F365F8 /* RequestLoading.swift in Sources */ = {isa = PBXBuildFile; fileRef = D850E98C1EF36EC500F365F8 /* RequestLoading.swift */; };
		D850E9901EF3758400F365F8 /* BaseModel.swift in Sources */ = {isa = PBXBuildFile; fileRef = D850E98F1EF3758400F365F8 /* BaseModel.swift */; };
		D850E9941EF3AA2400F365F8 /* UINavigationItem+App.swift in Sources */ = {isa = PBXBuildFile; fileRef = D850E9931EF3AA2400F365F8 /* UINavigationItem+App.swift */; };
		D850E9961EF3AA4A00F365F8 /* NavTitleView.swift in Sources */ = {isa = PBXBuildFile; fileRef = D850E9951EF3AA4A00F365F8 /* NavTitleView.swift */; };
		D850E9981EF3AFBE00F365F8 /* TableListController.swift in Sources */ = {isa = PBXBuildFile; fileRef = D850E9971EF3AFBE00F365F8 /* TableListController.swift */; };
		D850E99A1EF3AFE100F365F8 /* CollectionListController.swift in Sources */ = {isa = PBXBuildFile; fileRef = D850E9991EF3AFE100F365F8 /* CollectionListController.swift */; };
		D850E99C1EF3B00D00F365F8 /* ListPresenter.swift in Sources */ = {isa = PBXBuildFile; fileRef = D850E99B1EF3B00D00F365F8 /* ListPresenter.swift */; };
		D850E99E1EF3B71100F365F8 /* Moya+App.swift in Sources */ = {isa = PBXBuildFile; fileRef = D850E99D1EF3B71100F365F8 /* Moya+App.swift */; };
		D8A487441EF3BD900022C1C8 /* ServiceController.swift in Sources */ = {isa = PBXBuildFile; fileRef = D8A487431EF3BD900022C1C8 /* ServiceController.swift */; };
		D8A4874A1EF3D7250022C1C8 /* AccountHeaderView.swift in Sources */ = {isa = PBXBuildFile; fileRef = D8A487471EF3D7250022C1C8 /* AccountHeaderView.swift */; };
		D8A4874B1EF3D7250022C1C8 /* AppLogoView.swift in Sources */ = {isa = PBXBuildFile; fileRef = D8A487481EF3D7250022C1C8 /* AppLogoView.swift */; };
		D8A4874C1EF3D7250022C1C8 /* SugueRow.swift in Sources */ = {isa = PBXBuildFile; fileRef = D8A487491EF3D7250022C1C8 /* SugueRow.swift */; };
		D8A487501EF3FFA80022C1C8 /* ETNavBarTransparent.swift in Sources */ = {isa = PBXBuildFile; fileRef = D8A4874F1EF3FFA80022C1C8 /* ETNavBarTransparent.swift */; };
		D8A487561EF40CD90022C1C8 /* ServicePresenter.swift in Sources */ = {isa = PBXBuildFile; fileRef = D8A487551EF40CD90022C1C8 /* ServicePresenter.swift */; };
		D8A487581EF412F20022C1C8 /* UserModel.swift in Sources */ = {isa = PBXBuildFile; fileRef = D8A487571EF412F20022C1C8 /* UserModel.swift */; };
/* End PBXBuildFile section */

/* Begin PBXContainerItemProxy section */
		D81C05FA1EEFADE90086B629 /* PBXContainerItemProxy */ = {
			isa = PBXContainerItemProxy;
			containerPortal = D81C05DD1EEFADE90086B629 /* Project object */;
			proxyType = 1;
			remoteGlobalIDString = D81C05E41EEFADE90086B629;
			remoteInfo = wanlezu;
		};
/* End PBXContainerItemProxy section */

/* Begin PBXFileReference section */
		7DCDB38710B04983F6727DD2 /* Pods-wanlezu.debug.xcconfig */ = {isa = PBXFileReference; includeInIndex = 1; lastKnownFileType = text.xcconfig; name = "Pods-wanlezu.debug.xcconfig"; path = "Pods/Target Support Files/Pods-wanlezu/Pods-wanlezu.debug.xcconfig"; sourceTree = "<group>"; };
		894E8716AE0421F04C5C62FE /* Pods-wanlezu.release.xcconfig */ = {isa = PBXFileReference; includeInIndex = 1; lastKnownFileType = text.xcconfig; name = "Pods-wanlezu.release.xcconfig"; path = "Pods/Target Support Files/Pods-wanlezu/Pods-wanlezu.release.xcconfig"; sourceTree = "<group>"; };
		B3C682BF41210C4AF4F06E1B /* Pods_wanlezu.framework */ = {isa = PBXFileReference; explicitFileType = wrapper.framework; includeInIndex = 0; path = Pods_wanlezu.framework; sourceTree = BUILT_PRODUCTS_DIR; };
		D81C05E51EEFADE90086B629 /* wanlezu.app */ = {isa = PBXFileReference; explicitFileType = wrapper.application; includeInIndex = 0; path = wanlezu.app; sourceTree = BUILT_PRODUCTS_DIR; };
		D81C05ED1EEFADE90086B629 /* Base */ = {isa = PBXFileReference; lastKnownFileType = file.storyboard; name = Base; path = Base.lproj/Main.storyboard; sourceTree = "<group>"; };
		D81C05EF1EEFADE90086B629 /* Assets.xcassets */ = {isa = PBXFileReference; lastKnownFileType = folder.assetcatalog; path = Assets.xcassets; sourceTree = "<group>"; };
		D81C05F21EEFADE90086B629 /* Base */ = {isa = PBXFileReference; lastKnownFileType = file.storyboard; name = Base; path = Base.lproj/LaunchScreen.storyboard; sourceTree = "<group>"; };
		D81C05F41EEFADE90086B629 /* Info.plist */ = {isa = PBXFileReference; lastKnownFileType = text.plist.xml; path = Info.plist; sourceTree = "<group>"; };
		D81C05F91EEFADE90086B629 /* wanlezuUITests.xctest */ = {isa = PBXFileReference; explicitFileType = wrapper.cfbundle; includeInIndex = 0; path = wanlezuUITests.xctest; sourceTree = BUILT_PRODUCTS_DIR; };
		D81C05FD1EEFADE90086B629 /* wanlezuUITests.swift */ = {isa = PBXFileReference; lastKnownFileType = sourcecode.swift; path = wanlezuUITests.swift; sourceTree = "<group>"; };
		D81C05FF1EEFADE90086B629 /* Info.plist */ = {isa = PBXFileReference; lastKnownFileType = text.plist.xml; path = Info.plist; sourceTree = "<group>"; };
		D81C060D1EEFB1100086B629 /* AppDelegate.swift */ = {isa = PBXFileReference; fileEncoding = 4; lastKnownFileType = sourcecode.swift; path = AppDelegate.swift; sourceTree = "<group>"; };
		D81C06121EEFB1E30086B629 /* Bridging.h */ = {isa = PBXFileReference; lastKnownFileType = sourcecode.c.h; path = Bridging.h; sourceTree = "<group>"; };
		D81C069A1EEFE1DB0086B629 /* Bundle+Extension.swift */ = {isa = PBXFileReference; fileEncoding = 4; lastKnownFileType = sourcecode.swift; path = "Bundle+Extension.swift"; sourceTree = "<group>"; };
		D81C069B1EEFE1DB0086B629 /* CGRect+Extension.swift */ = {isa = PBXFileReference; fileEncoding = 4; lastKnownFileType = sourcecode.swift; path = "CGRect+Extension.swift"; sourceTree = "<group>"; };
		D81C069C1EEFE1DB0086B629 /* CGSize+Extension.swift */ = {isa = PBXFileReference; fileEncoding = 4; lastKnownFileType = sourcecode.swift; path = "CGSize+Extension.swift"; sourceTree = "<group>"; };
		D81C069D1EEFE1DB0086B629 /* Dictionary+Extension.swift */ = {isa = PBXFileReference; fileEncoding = 4; lastKnownFileType = sourcecode.swift; path = "Dictionary+Extension.swift"; sourceTree = "<group>"; };
		D81C069E1EEFE1DB0086B629 /* DispatchQueue+QMUI.swift */ = {isa = PBXFileReference; fileEncoding = 4; lastKnownFileType = sourcecode.swift; path = "DispatchQueue+QMUI.swift"; sourceTree = "<group>"; };
		D81C069F1EEFE1DB0086B629 /* String+Extensions.swift */ = {isa = PBXFileReference; fileEncoding = 4; lastKnownFileType = sourcecode.swift; path = "String+Extensions.swift"; sourceTree = "<group>"; };
		D81C06A01EEFE1DB0086B629 /* TextRow+Extension.swift */ = {isa = PBXFileReference; fileEncoding = 4; lastKnownFileType = sourcecode.swift; path = "TextRow+Extension.swift"; sourceTree = "<group>"; };
		D81C06A11EEFE1DB0086B629 /* UIApplication.swift */ = {isa = PBXFileReference; fileEncoding = 4; lastKnownFileType = sourcecode.swift; path = UIApplication.swift; sourceTree = "<group>"; };
		D81C06A21EEFE1DB0086B629 /* UIBezierPath+Extension.swift */ = {isa = PBXFileReference; fileEncoding = 4; lastKnownFileType = sourcecode.swift; path = "UIBezierPath+Extension.swift"; sourceTree = "<group>"; };
		D81C06A31EEFE1DB0086B629 /* UIButton+Extension.swift */ = {isa = PBXFileReference; fileEncoding = 4; lastKnownFileType = sourcecode.swift; path = "UIButton+Extension.swift"; sourceTree = "<group>"; };
		D81C06A41EEFE1DB0086B629 /* UICollectionReusableView+Extension.swift */ = {isa = PBXFileReference; fileEncoding = 4; lastKnownFileType = sourcecode.swift; path = "UICollectionReusableView+Extension.swift"; sourceTree = "<group>"; };
		D81C06A51EEFE1DB0086B629 /* UIColor+Extension.swift */ = {isa = PBXFileReference; fileEncoding = 4; lastKnownFileType = sourcecode.swift; path = "UIColor+Extension.swift"; sourceTree = "<group>"; };
		D81C06A61EEFE1DB0086B629 /* UIEdgeInsets+Extension.swift */ = {isa = PBXFileReference; fileEncoding = 4; lastKnownFileType = sourcecode.swift; path = "UIEdgeInsets+Extension.swift"; sourceTree = "<group>"; };
		D81C06A71EEFE1DB0086B629 /* UIFont+Extensions.swift */ = {isa = PBXFileReference; fileEncoding = 4; lastKnownFileType = sourcecode.swift; path = "UIFont+Extensions.swift"; sourceTree = "<group>"; };
		D81C06A81EEFE1DB0086B629 /* UIImage+Extension.swift */ = {isa = PBXFileReference; fileEncoding = 4; lastKnownFileType = sourcecode.swift; path = "UIImage+Extension.swift"; sourceTree = "<group>"; };
		D81C06A91EEFE1DB0086B629 /* UIImageView+Extension.swift */ = {isa = PBXFileReference; fileEncoding = 4; lastKnownFileType = sourcecode.swift; path = "UIImageView+Extension.swift"; sourceTree = "<group>"; };
		D81C06AA1EEFE1DB0086B629 /* UIResponder+Extension.swift */ = {isa = PBXFileReference; fileEncoding = 4; lastKnownFileType = sourcecode.swift; path = "UIResponder+Extension.swift"; sourceTree = "<group>"; };
		D81C06AB1EEFE1DB0086B629 /* UIView+Extension.swift */ = {isa = PBXFileReference; fileEncoding = 4; lastKnownFileType = sourcecode.swift; path = "UIView+Extension.swift"; sourceTree = "<group>"; };
		D81C06AC1EEFE1DB0086B629 /* UIViewController+Extensions.swift */ = {isa = PBXFileReference; fileEncoding = 4; lastKnownFileType = sourcecode.swift; path = "UIViewController+Extensions.swift"; sourceTree = "<group>"; };
		D81C06AD1EEFE1DB0086B629 /* UIWindow+Extension.swift */ = {isa = PBXFileReference; fileEncoding = 4; lastKnownFileType = sourcecode.swift; path = "UIWindow+Extension.swift"; sourceTree = "<group>"; };
		D81C06AE1EEFE1DB0086B629 /* URL+Extension.swift */ = {isa = PBXFileReference; fileEncoding = 4; lastKnownFileType = sourcecode.swift; path = "URL+Extension.swift"; sourceTree = "<group>"; };
		D81C06C81EEFE2BA0086B629 /* APPCommonDefines.swift */ = {isa = PBXFileReference; fileEncoding = 4; lastKnownFileType = sourcecode.swift; path = APPCommonDefines.swift; sourceTree = "<group>"; };
		D81C06C91EEFE2BA0086B629 /* APPConfigurationManager.swift */ = {isa = PBXFileReference; fileEncoding = 4; lastKnownFileType = sourcecode.swift; path = APPConfigurationManager.swift; sourceTree = "<group>"; };
		D81C06CA1EEFE2BA0086B629 /* AppHelper.swift */ = {isa = PBXFileReference; fileEncoding = 4; lastKnownFileType = sourcecode.swift; path = AppHelper.swift; sourceTree = "<group>"; };
		D81C06CF1EEFE2F50086B629 /* CommonDelegate.swift */ = {isa = PBXFileReference; fileEncoding = 4; lastKnownFileType = sourcecode.swift; path = CommonDelegate.swift; sourceTree = "<group>"; };
		D81C06D01EEFE2F50086B629 /* Reusable.swift */ = {isa = PBXFileReference; fileEncoding = 4; lastKnownFileType = sourcecode.swift; path = Reusable.swift; sourceTree = "<group>"; };
		D81C06D41EEFE31D0086B629 /* APPDefaults.swift */ = {isa = PBXFileReference; fileEncoding = 4; lastKnownFileType = sourcecode.swift; path = APPDefaults.swift; sourceTree = "<group>"; };
		D81C06D61EEFE3790086B629 /* BaseController.swift */ = {isa = PBXFileReference; fileEncoding = 4; lastKnownFileType = sourcecode.swift; path = BaseController.swift; sourceTree = "<group>"; };
		D81C06D71EEFE3790086B629 /* Developer.swift */ = {isa = PBXFileReference; fileEncoding = 4; lastKnownFileType = sourcecode.swift; path = Developer.swift; sourceTree = "<group>"; };
		D81C06D81EEFE3790086B629 /* GroupedController.swift */ = {isa = PBXFileReference; fileEncoding = 4; lastKnownFileType = sourcecode.swift; path = GroupedController.swift; sourceTree = "<group>"; };
		D81C06E01EEFEBCC0086B629 /* AppConfigurationTemplate.swift */ = {isa = PBXFileReference; fileEncoding = 4; lastKnownFileType = sourcecode.swift; path = AppConfigurationTemplate.swift; sourceTree = "<group>"; };
		D81C06E11EEFEBCC0086B629 /* Constants.swift */ = {isa = PBXFileReference; fileEncoding = 4; lastKnownFileType = sourcecode.swift; path = Constants.swift; sourceTree = "<group>"; };
		D81C06E41EEFEC3A0086B629 /* MainTabbar.swift */ = {isa = PBXFileReference; fileEncoding = 4; lastKnownFileType = sourcecode.swift; path = MainTabbar.swift; sourceTree = "<group>"; };
		D81C06E71EEFED3B0086B629 /* Home.swift */ = {isa = PBXFileReference; fileEncoding = 4; lastKnownFileType = sourcecode.swift; name = Home.swift; path = Controllers/Home.swift; sourceTree = "<group>"; };
		D81C06E81EEFED3B0086B629 /* Me.swift */ = {isa = PBXFileReference; fileEncoding = 4; lastKnownFileType = sourcecode.swift; name = Me.swift; path = Controllers/Me.swift; sourceTree = "<group>"; };
		D81C06EB1EEFED4A0086B629 /* SignIn.swift */ = {isa = PBXFileReference; fileEncoding = 4; lastKnownFileType = sourcecode.swift; path = SignIn.swift; sourceTree = "<group>"; };
		D81C06ED1EEFED600086B629 /* SignUp.swift */ = {isa = PBXFileReference; fileEncoding = 4; lastKnownFileType = sourcecode.swift; path = SignUp.swift; sourceTree = "<group>"; };
		D81C06EF1EEFED830086B629 /* PhoneNumber.swift */ = {isa = PBXFileReference; fileEncoding = 4; lastKnownFileType = sourcecode.swift; path = PhoneNumber.swift; sourceTree = "<group>"; };
		D81C06F11EEFEF9C0086B629 /* ForgetPassword.swift */ = {isa = PBXFileReference; fileEncoding = 4; lastKnownFileType = sourcecode.swift; path = ForgetPassword.swift; sourceTree = "<group>"; };
		D821C4391EF22321004DCC6A /* Enums.swift */ = {isa = PBXFileReference; fileEncoding = 4; lastKnownFileType = sourcecode.swift; path = Enums.swift; sourceTree = "<group>"; };
		D821C43A1EF22321004DCC6A /* HMScrollView.swift */ = {isa = PBXFileReference; fileEncoding = 4; lastKnownFileType = sourcecode.swift; path = HMScrollView.swift; sourceTree = "<group>"; };
		D821C43B1EF22321004DCC6A /* HMSegmentedControl.swift */ = {isa = PBXFileReference; fileEncoding = 4; lastKnownFileType = sourcecode.swift; path = HMSegmentedControl.swift; sourceTree = "<group>"; };
		D821C4401EF226DD004DCC6A /* QMUIButton.swift */ = {isa = PBXFileReference; fileEncoding = 4; lastKnownFileType = sourcecode.swift; path = QMUIButton.swift; sourceTree = "<group>"; };
		D821C4421EF22B83004DCC6A /* CALayer+Extension.swift */ = {isa = PBXFileReference; fileEncoding = 4; lastKnownFileType = sourcecode.swift; path = "CALayer+Extension.swift"; sourceTree = "<group>"; };
		D850E9701EF2326700F365F8 /* Widget.swift */ = {isa = PBXFileReference; fileEncoding = 4; lastKnownFileType = sourcecode.swift; path = Widget.swift; sourceTree = "<group>"; };
		D850E97C1EF2AC5800F365F8 /* UIViewController+APP.swift */ = {isa = PBXFileReference; fileEncoding = 4; lastKnownFileType = sourcecode.swift; path = "UIViewController+APP.swift"; sourceTree = "<group>"; };
		D850E97E1EF2B04900F365F8 /* Eureka+App.swift */ = {isa = PBXFileReference; fileEncoding = 4; lastKnownFileType = sourcecode.swift; path = "Eureka+App.swift"; sourceTree = "<group>"; };
		D850E9801EF2B1A200F365F8 /* Utils.swift */ = {isa = PBXFileReference; fileEncoding = 4; lastKnownFileType = sourcecode.swift; path = Utils.swift; sourceTree = "<group>"; };
		D850E9821EF2B3B700F365F8 /* String+App.swift */ = {isa = PBXFileReference; fileEncoding = 4; lastKnownFileType = sourcecode.swift; path = "String+App.swift"; sourceTree = "<group>"; };
		D850E9881EF36D9300F365F8 /* APIProvider.swift */ = {isa = PBXFileReference; fileEncoding = 4; lastKnownFileType = sourcecode.swift; path = APIProvider.swift; sourceTree = "<group>"; };
		D850E98A1EF36DDD00F365F8 /* Service.swift */ = {isa = PBXFileReference; fileEncoding = 4; lastKnownFileType = sourcecode.swift; path = Service.swift; sourceTree = "<group>"; };
		D850E98C1EF36EC500F365F8 /* RequestLoading.swift */ = {isa = PBXFileReference; fileEncoding = 4; lastKnownFileType = sourcecode.swift; path = RequestLoading.swift; sourceTree = "<group>"; };
		D850E98F1EF3758400F365F8 /* BaseModel.swift */ = {isa = PBXFileReference; fileEncoding = 4; lastKnownFileType = sourcecode.swift; path = BaseModel.swift; sourceTree = "<group>"; };
		D850E9931EF3AA2400F365F8 /* UINavigationItem+App.swift */ = {isa = PBXFileReference; fileEncoding = 4; lastKnownFileType = sourcecode.swift; path = "UINavigationItem+App.swift"; sourceTree = "<group>"; };
		D850E9951EF3AA4A00F365F8 /* NavTitleView.swift */ = {isa = PBXFileReference; fileEncoding = 4; lastKnownFileType = sourcecode.swift; path = NavTitleView.swift; sourceTree = "<group>"; };
		D850E9971EF3AFBE00F365F8 /* TableListController.swift */ = {isa = PBXFileReference; fileEncoding = 4; lastKnownFileType = sourcecode.swift; path = TableListController.swift; sourceTree = "<group>"; };
		D850E9991EF3AFE100F365F8 /* CollectionListController.swift */ = {isa = PBXFileReference; fileEncoding = 4; lastKnownFileType = sourcecode.swift; path = CollectionListController.swift; sourceTree = "<group>"; };
		D850E99B1EF3B00D00F365F8 /* ListPresenter.swift */ = {isa = PBXFileReference; fileEncoding = 4; lastKnownFileType = sourcecode.swift; path = ListPresenter.swift; sourceTree = "<group>"; };
		D850E99D1EF3B71100F365F8 /* Moya+App.swift */ = {isa = PBXFileReference; fileEncoding = 4; lastKnownFileType = sourcecode.swift; path = "Moya+App.swift"; sourceTree = "<group>"; };
		D8A487431EF3BD900022C1C8 /* ServiceController.swift */ = {isa = PBXFileReference; fileEncoding = 4; lastKnownFileType = sourcecode.swift; path = ServiceController.swift; sourceTree = "<group>"; };
		D8A487471EF3D7250022C1C8 /* AccountHeaderView.swift */ = {isa = PBXFileReference; fileEncoding = 4; lastKnownFileType = sourcecode.swift; path = AccountHeaderView.swift; sourceTree = "<group>"; };
		D8A487481EF3D7250022C1C8 /* AppLogoView.swift */ = {isa = PBXFileReference; fileEncoding = 4; lastKnownFileType = sourcecode.swift; path = AppLogoView.swift; sourceTree = "<group>"; };
		D8A487491EF3D7250022C1C8 /* SugueRow.swift */ = {isa = PBXFileReference; fileEncoding = 4; lastKnownFileType = sourcecode.swift; path = SugueRow.swift; sourceTree = "<group>"; };
		D8A4874F1EF3FFA80022C1C8 /* ETNavBarTransparent.swift */ = {isa = PBXFileReference; fileEncoding = 4; lastKnownFileType = sourcecode.swift; path = ETNavBarTransparent.swift; sourceTree = "<group>"; };
		D8A487551EF40CD90022C1C8 /* ServicePresenter.swift */ = {isa = PBXFileReference; fileEncoding = 4; lastKnownFileType = sourcecode.swift; path = ServicePresenter.swift; sourceTree = "<group>"; };
		D8A487571EF412F20022C1C8 /* UserModel.swift */ = {isa = PBXFileReference; fileEncoding = 4; lastKnownFileType = sourcecode.swift; path = UserModel.swift; sourceTree = "<group>"; };
/* End PBXFileReference section */

/* Begin PBXFrameworksBuildPhase section */
		D81C05E21EEFADE90086B629 /* Frameworks */ = {
			isa = PBXFrameworksBuildPhase;
			buildActionMask = 2147483647;
			files = (
				CA3D747570098C7BBC44C4A8 /* Pods_wanlezu.framework in Frameworks */,
			);
			runOnlyForDeploymentPostprocessing = 0;
		};
		D81C05F61EEFADE90086B629 /* Frameworks */ = {
			isa = PBXFrameworksBuildPhase;
			buildActionMask = 2147483647;
			files = (
			);
			runOnlyForDeploymentPostprocessing = 0;
		};
/* End PBXFrameworksBuildPhase section */

/* Begin PBXGroup section */
		79A5C5761E7A00A24427E466 /* Pods */ = {
			isa = PBXGroup;
			children = (
				7DCDB38710B04983F6727DD2 /* Pods-wanlezu.debug.xcconfig */,
				894E8716AE0421F04C5C62FE /* Pods-wanlezu.release.xcconfig */,
			);
			name = Pods;
			sourceTree = "<group>";
		};
		8FD7158174A123A7EC91856A /* Frameworks */ = {
			isa = PBXGroup;
			children = (
				B3C682BF41210C4AF4F06E1B /* Pods_wanlezu.framework */,
			);
			name = Frameworks;
			sourceTree = "<group>";
		};
		D81C05DC1EEFADE90086B629 = {
			isa = PBXGroup;
			children = (
				D81C05E71EEFADE90086B629 /* wanlezu */,
				D81C05FC1EEFADE90086B629 /* wanlezuUITests */,
				D81C05E61EEFADE90086B629 /* Products */,
				79A5C5761E7A00A24427E466 /* Pods */,
				8FD7158174A123A7EC91856A /* Frameworks */,
			);
			sourceTree = "<group>";
		};
		D81C05E61EEFADE90086B629 /* Products */ = {
			isa = PBXGroup;
			children = (
				D81C05E51EEFADE90086B629 /* wanlezu.app */,
				D81C05F91EEFADE90086B629 /* wanlezuUITests.xctest */,
			);
			name = Products;
			sourceTree = "<group>";
		};
		D81C05E71EEFADE90086B629 /* wanlezu */ = {
			isa = PBXGroup;
			children = (
				D81C06981EEFE1950086B629 /* Libertine */,
				D81C06111EEFB1350086B629 /* SupportFiles */,
				D81C06091EEFB09A0086B629 /* Classes */,
				D81C05EC1EEFADE90086B629 /* Main.storyboard */,
				D81C05EF1EEFADE90086B629 /* Assets.xcassets */,
				D81C05F11EEFADE90086B629 /* LaunchScreen.storyboard */,
				D81C05F41EEFADE90086B629 /* Info.plist */,
			);
			path = wanlezu;
			sourceTree = "<group>";
		};
		D81C05FC1EEFADE90086B629 /* wanlezuUITests */ = {
			isa = PBXGroup;
			children = (
				D81C05FD1EEFADE90086B629 /* wanlezuUITests.swift */,
				D81C05FF1EEFADE90086B629 /* Info.plist */,
			);
			path = wanlezuUITests;
			sourceTree = "<group>";
		};
		D81C06091EEFB09A0086B629 /* Classes */ = {
			isa = PBXGroup;
			children = (
				D850E98E1EF3756E00F365F8 /* Models */,
				D81C060C1EEFB0D60086B629 /* Controllers */,
				D81C064F1EEFB7090086B629 /* Extensions */,
				D81C060B1EEFB0C70086B629 /* Main */,
				D81C06781EEFBA380086B629 /* Other */,
				D81C06381EEFB3DC0086B629 /* Protocols */,
				D81C06DF1EEFEBA90086B629 /* Utils */,
				D850E9751EF23BBB00F365F8 /* Views */,
			);
			path = Classes;
			sourceTree = "<group>";
		};
		D81C060B1EEFB0C70086B629 /* Main */ = {
			isa = PBXGroup;
			children = (
				D81C060D1EEFB1100086B629 /* AppDelegate.swift */,
				D81C06E41EEFEC3A0086B629 /* MainTabbar.swift */,
			);
			path = Main;
			sourceTree = "<group>";
		};
		D81C060C1EEFB0D60086B629 /* Controllers */ = {
			isa = PBXGroup;
			children = (
				D81C06E71EEFED3B0086B629 /* Home.swift */,
				D81C06E81EEFED3B0086B629 /* Me.swift */,
				D81C06E61EEFED0F0086B629 /* Account */,
			);
			name = Controllers;
			sourceTree = "<group>";
		};
		D81C06111EEFB1350086B629 /* SupportFiles */ = {
			isa = PBXGroup;
			children = (
				D81C06121EEFB1E30086B629 /* Bridging.h */,
			);
			path = SupportFiles;
			sourceTree = "<group>";
		};
		D81C06381EEFB3DC0086B629 /* Protocols */ = {
			isa = PBXGroup;
			children = (
			);
			path = Protocols;
			sourceTree = "<group>";
		};
		D81C064F1EEFB7090086B629 /* Extensions */ = {
			isa = PBXGroup;
			children = (
				D850E9931EF3AA2400F365F8 /* UINavigationItem+App.swift */,
				D850E97C1EF2AC5800F365F8 /* UIViewController+APP.swift */,
				D850E97E1EF2B04900F365F8 /* Eureka+App.swift */,
				D850E9821EF2B3B700F365F8 /* String+App.swift */,
				D850E99D1EF3B71100F365F8 /* Moya+App.swift */,
			);
			path = Extensions;
			sourceTree = "<group>";
		};
		D81C06781EEFBA380086B629 /* Other */ = {
			isa = PBXGroup;
			children = (
			);
			path = Other;
			sourceTree = "<group>";
		};
		D81C06981EEFE1950086B629 /* Libertine */ = {
			isa = PBXGroup;
			children = (
				D821C4371EF222C7004DCC6A /* Views */,
				D81C06D31EEFE31D0086B629 /* Other */,
				D81C06CE1EEFE2F50086B629 /* Protocols */,
				D81C06C71EEFE28F0086B629 /* UICommon */,
				D81C06C41EEFE1E30086B629 /* Controllers */,
				D81C06991EEFE1DB0086B629 /* Extensions */,
			);
			path = Libertine;
			sourceTree = "<group>";
		};
		D81C06991EEFE1DB0086B629 /* Extensions */ = {
			isa = PBXGroup;
			children = (
				D81C069A1EEFE1DB0086B629 /* Bundle+Extension.swift */,
				D821C4421EF22B83004DCC6A /* CALayer+Extension.swift */,
				D81C069B1EEFE1DB0086B629 /* CGRect+Extension.swift */,
				D81C069C1EEFE1DB0086B629 /* CGSize+Extension.swift */,
				D81C069D1EEFE1DB0086B629 /* Dictionary+Extension.swift */,
				D81C069E1EEFE1DB0086B629 /* DispatchQueue+QMUI.swift */,
				D821C4401EF226DD004DCC6A /* QMUIButton.swift */,
				D81C069F1EEFE1DB0086B629 /* String+Extensions.swift */,
				D81C06A01EEFE1DB0086B629 /* TextRow+Extension.swift */,
				D81C06A11EEFE1DB0086B629 /* UIApplication.swift */,
				D81C06A21EEFE1DB0086B629 /* UIBezierPath+Extension.swift */,
				D81C06A31EEFE1DB0086B629 /* UIButton+Extension.swift */,
				D81C06A41EEFE1DB0086B629 /* UICollectionReusableView+Extension.swift */,
				D81C06A51EEFE1DB0086B629 /* UIColor+Extension.swift */,
				D81C06A61EEFE1DB0086B629 /* UIEdgeInsets+Extension.swift */,
				D81C06A71EEFE1DB0086B629 /* UIFont+Extensions.swift */,
				D81C06A81EEFE1DB0086B629 /* UIImage+Extension.swift */,
				D81C06A91EEFE1DB0086B629 /* UIImageView+Extension.swift */,
				D81C06AA1EEFE1DB0086B629 /* UIResponder+Extension.swift */,
				D81C06AB1EEFE1DB0086B629 /* UIView+Extension.swift */,
				D81C06AC1EEFE1DB0086B629 /* UIViewController+Extensions.swift */,
				D81C06AD1EEFE1DB0086B629 /* UIWindow+Extension.swift */,
				D81C06AE1EEFE1DB0086B629 /* URL+Extension.swift */,
			);
			path = Extensions;
			sourceTree = "<group>";
		};
		D81C06C41EEFE1E30086B629 /* Controllers */ = {
			isa = PBXGroup;
			children = (
				D81C06D61EEFE3790086B629 /* BaseController.swift */,
				D81C06D71EEFE3790086B629 /* Developer.swift */,
				D81C06D81EEFE3790086B629 /* GroupedController.swift */,
				D850E9971EF3AFBE00F365F8 /* TableListController.swift */,
				D850E9991EF3AFE100F365F8 /* CollectionListController.swift */,
				D8A487431EF3BD900022C1C8 /* ServiceController.swift */,
			);
			path = Controllers;
			sourceTree = "<group>";
		};
		D81C06C71EEFE28F0086B629 /* UICommon */ = {
			isa = PBXGroup;
			children = (
				D81C06C81EEFE2BA0086B629 /* APPCommonDefines.swift */,
				D81C06C91EEFE2BA0086B629 /* APPConfigurationManager.swift */,
				D81C06CA1EEFE2BA0086B629 /* AppHelper.swift */,
			);
			path = UICommon;
			sourceTree = "<group>";
		};
		D81C06CE1EEFE2F50086B629 /* Protocols */ = {
			isa = PBXGroup;
			children = (
				D81C06CF1EEFE2F50086B629 /* CommonDelegate.swift */,
				D81C06D01EEFE2F50086B629 /* Reusable.swift */,
				D850E99B1EF3B00D00F365F8 /* ListPresenter.swift */,
				D8A487551EF40CD90022C1C8 /* ServicePresenter.swift */,
			);
			path = Protocols;
			sourceTree = "<group>";
		};
		D81C06D31EEFE31D0086B629 /* Other */ = {
			isa = PBXGroup;
			children = (
				D81C06D41EEFE31D0086B629 /* APPDefaults.swift */,
				D8A4874F1EF3FFA80022C1C8 /* ETNavBarTransparent.swift */,
			);
			path = Other;
			sourceTree = "<group>";
		};
		D81C06DF1EEFEBA90086B629 /* Utils */ = {
			isa = PBXGroup;
			children = (
				D850E9871EF36D6E00F365F8 /* Network */,
				D81C06E01EEFEBCC0086B629 /* AppConfigurationTemplate.swift */,
				D81C06E11EEFEBCC0086B629 /* Constants.swift */,
				D850E9701EF2326700F365F8 /* Widget.swift */,
				D850E9801EF2B1A200F365F8 /* Utils.swift */,
			);
			path = Utils;
			sourceTree = "<group>";
		};
		D81C06E61EEFED0F0086B629 /* Account */ = {
			isa = PBXGroup;
			children = (
				D81C06EB1EEFED4A0086B629 /* SignIn.swift */,
				D81C06ED1EEFED600086B629 /* SignUp.swift */,
				D81C06EF1EEFED830086B629 /* PhoneNumber.swift */,
				D81C06F11EEFEF9C0086B629 /* ForgetPassword.swift */,
			);
			name = Account;
			path = Controllers/Account;
			sourceTree = "<group>";
		};
		D821C4371EF222C7004DCC6A /* Views */ = {
			isa = PBXGroup;
			children = (
				D821C4381EF22314004DCC6A /* HMSegmentControl */,
			);
			name = Views;
			path = Views/HMSegmentControl;
			sourceTree = "<group>";
		};
		D821C4381EF22314004DCC6A /* HMSegmentControl */ = {
			isa = PBXGroup;
			children = (
				D821C4391EF22321004DCC6A /* Enums.swift */,
				D821C43A1EF22321004DCC6A /* HMScrollView.swift */,
				D821C43B1EF22321004DCC6A /* HMSegmentedControl.swift */,
			);
			name = HMSegmentControl;
			sourceTree = "<group>";
		};
		D850E9751EF23BBB00F365F8 /* Views */ = {
			isa = PBXGroup;
			children = (
				D8A487461EF3D6E20022C1C8 /* Eureka */,
				D850E9951EF3AA4A00F365F8 /* NavTitleView.swift */,
			);
			path = Views;
			sourceTree = "<group>";
		};
		D850E9871EF36D6E00F365F8 /* Network */ = {
			isa = PBXGroup;
			children = (
				D850E9881EF36D9300F365F8 /* APIProvider.swift */,
				D850E98C1EF36EC500F365F8 /* RequestLoading.swift */,
				D850E98A1EF36DDD00F365F8 /* Service.swift */,
			);
			path = Network;
			sourceTree = "<group>";
		};
		D850E98E1EF3756E00F365F8 /* Models */ = {
			isa = PBXGroup;
			children = (
				D850E98F1EF3758400F365F8 /* BaseModel.swift */,
				D8A487571EF412F20022C1C8 /* UserModel.swift */,
			);
			path = Models;
			sourceTree = "<group>";
		};
		D8A487461EF3D6E20022C1C8 /* Eureka */ = {
			isa = PBXGroup;
			children = (
				D8A487471EF3D7250022C1C8 /* AccountHeaderView.swift */,
				D8A487481EF3D7250022C1C8 /* AppLogoView.swift */,
				D8A487491EF3D7250022C1C8 /* SugueRow.swift */,
			);
			path = Eureka;
			sourceTree = "<group>";
		};
/* End PBXGroup section */

/* Begin PBXNativeTarget section */
		D81C05E41EEFADE90086B629 /* wanlezu */ = {
			isa = PBXNativeTarget;
			buildConfigurationList = D81C06021EEFADE90086B629 /* Build configuration list for PBXNativeTarget "wanlezu" */;
			buildPhases = (
				03ED72429B3EB97BDC32F691 /* [CP] Check Pods Manifest.lock */,
				D81C05E11EEFADE90086B629 /* Sources */,
				D81C05E21EEFADE90086B629 /* Frameworks */,
				D81C05E31EEFADE90086B629 /* Resources */,
				D81C06081EEFAFEC0086B629 /* ShellScript */,
				EA7818439F344F1135BE2261 /* [CP] Embed Pods Frameworks */,
				A828B3A657480EC6FAACA71F /* [CP] Copy Pods Resources */,
			);
			buildRules = (
			);
			dependencies = (
			);
			name = wanlezu;
			productName = wanlezu;
			productReference = D81C05E51EEFADE90086B629 /* wanlezu.app */;
			productType = "com.apple.product-type.application";
		};
		D81C05F81EEFADE90086B629 /* wanlezuUITests */ = {
			isa = PBXNativeTarget;
			buildConfigurationList = D81C06051EEFADE90086B629 /* Build configuration list for PBXNativeTarget "wanlezuUITests" */;
			buildPhases = (
				D81C05F51EEFADE90086B629 /* Sources */,
				D81C05F61EEFADE90086B629 /* Frameworks */,
				D81C05F71EEFADE90086B629 /* Resources */,
			);
			buildRules = (
			);
			dependencies = (
				D81C05FB1EEFADE90086B629 /* PBXTargetDependency */,
			);
			name = wanlezuUITests;
			productName = wanlezuUITests;
			productReference = D81C05F91EEFADE90086B629 /* wanlezuUITests.xctest */;
			productType = "com.apple.product-type.bundle.ui-testing";
		};
/* End PBXNativeTarget section */

/* Begin PBXProject section */
		D81C05DD1EEFADE90086B629 /* Project object */ = {
			isa = PBXProject;
			attributes = {
				LastSwiftUpdateCheck = 0820;
				LastUpgradeCheck = 0900;
				ORGANIZATIONNAME = "伯驹 黄";
				TargetAttributes = {
					D81C05E41EEFADE90086B629 = {
						CreatedOnToolsVersion = 8.2.1;
						LastSwiftMigration = 0820;
						ProvisioningStyle = Automatic;
					};
					D81C05F81EEFADE90086B629 = {
						CreatedOnToolsVersion = 8.2.1;
						ProvisioningStyle = Automatic;
						TestTargetID = D81C05E41EEFADE90086B629;
					};
				};
			};
			buildConfigurationList = D81C05E01EEFADE90086B629 /* Build configuration list for PBXProject "wanlezu" */;
			compatibilityVersion = "Xcode 3.2";
			developmentRegion = English;
			hasScannedForEncodings = 0;
			knownRegions = (
				en,
				Base,
			);
			mainGroup = D81C05DC1EEFADE90086B629;
			productRefGroup = D81C05E61EEFADE90086B629 /* Products */;
			projectDirPath = "";
			projectRoot = "";
			targets = (
				D81C05E41EEFADE90086B629 /* wanlezu */,
				D81C05F81EEFADE90086B629 /* wanlezuUITests */,
			);
		};
/* End PBXProject section */

/* Begin PBXResourcesBuildPhase section */
		D81C05E31EEFADE90086B629 /* Resources */ = {
			isa = PBXResourcesBuildPhase;
			buildActionMask = 2147483647;
			files = (
				D81C05F31EEFADE90086B629 /* LaunchScreen.storyboard in Resources */,
				D81C05F01EEFADE90086B629 /* Assets.xcassets in Resources */,
				D81C05EE1EEFADE90086B629 /* Main.storyboard in Resources */,
			);
			runOnlyForDeploymentPostprocessing = 0;
		};
		D81C05F71EEFADE90086B629 /* Resources */ = {
			isa = PBXResourcesBuildPhase;
			buildActionMask = 2147483647;
			files = (
			);
			runOnlyForDeploymentPostprocessing = 0;
		};
/* End PBXResourcesBuildPhase section */

/* Begin PBXShellScriptBuildPhase section */
		03ED72429B3EB97BDC32F691 /* [CP] Check Pods Manifest.lock */ = {
			isa = PBXShellScriptBuildPhase;
			buildActionMask = 2147483647;
			files = (
			);
			inputPaths = (
				"${PODS_PODFILE_DIR_PATH}/Podfile.lock",
				"${PODS_ROOT}/Manifest.lock",
			);
			name = "[CP] Check Pods Manifest.lock";
			outputPaths = (
				"$(DERIVED_FILE_DIR)/Pods-wanlezu-checkManifestLockResult.txt",
			);
			runOnlyForDeploymentPostprocessing = 0;
			shellPath = /bin/sh;
			shellScript = "diff \"${PODS_PODFILE_DIR_PATH}/Podfile.lock\" \"${PODS_ROOT}/Manifest.lock\" > /dev/null\nif [ $? != 0 ] ; then\n    # print error to STDERR\n    echo \"error: The sandbox is not in sync with the Podfile.lock. Run 'pod install' or update your CocoaPods installation.\" >&2\n    exit 1\nfi\n# This output is used by Xcode 'outputs' to avoid re-running this script phase.\necho \"SUCCESS\" > \"${SCRIPT_OUTPUT_FILE_0}\"\n";
			showEnvVarsInLog = 0;
		};
		A828B3A657480EC6FAACA71F /* [CP] Copy Pods Resources */ = {
			isa = PBXShellScriptBuildPhase;
			buildActionMask = 2147483647;
			files = (
			);
			inputPaths = (
			);
			name = "[CP] Copy Pods Resources";
			outputPaths = (
			);
			runOnlyForDeploymentPostprocessing = 0;
			shellPath = /bin/sh;
			shellScript = "\"${SRCROOT}/Pods/Target Support Files/Pods-wanlezu/Pods-wanlezu-resources.sh\"\n";
			showEnvVarsInLog = 0;
		};
		D81C06081EEFAFEC0086B629 /* ShellScript */ = {
			isa = PBXShellScriptBuildPhase;
			buildActionMask = 2147483647;
			files = (
			);
			inputPaths = (
			);
			outputPaths = (
			);
			runOnlyForDeploymentPostprocessing = 0;
			shellPath = /bin/sh;
			shellScript = "if which swiftlint >/dev/null; then\nswiftlint\nelse\necho \"warning: SwiftLint not installed, download from https://github.com/realm/SwiftLint\"\nfi";
		};
		EA7818439F344F1135BE2261 /* [CP] Embed Pods Frameworks */ = {
			isa = PBXShellScriptBuildPhase;
			buildActionMask = 2147483647;
			files = (
			);
			inputPaths = (
				"${SRCROOT}/Pods/Target Support Files/Pods-wanlezu/Pods-wanlezu-frameworks.sh",
				"${BUILT_PRODUCTS_DIR}/Alamofire/Alamofire.framework",
				"${BUILT_PRODUCTS_DIR}/Eureka/Eureka.framework",
				"${BUILT_PRODUCTS_DIR}/FBRetainCycleDetector/FBRetainCycleDetector.framework",
				"${BUILT_PRODUCTS_DIR}/KeychainAccess/KeychainAccess.framework",
				"${BUILT_PRODUCTS_DIR}/MLeaksFinder/MLeaksFinder.framework",
				"${BUILT_PRODUCTS_DIR}/Moya/Moya.framework",
				"${BUILT_PRODUCTS_DIR}/ObjectMapper/ObjectMapper.framework",
				"${BUILT_PRODUCTS_DIR}/PromiseKit/PromiseKit.framework",
				"${BUILT_PRODUCTS_DIR}/Result/Result.framework",
				"${BUILT_PRODUCTS_DIR}/SnapKit/SnapKit.framework",
				"${BUILT_PRODUCTS_DIR}/SwiftyUserDefaults/SwiftyUserDefaults.framework",
				"${BUILT_PRODUCTS_DIR}/TTTAttributedLabel/TTTAttributedLabel.framework",
			);
			name = "[CP] Embed Pods Frameworks";
			outputPaths = (
				"${TARGET_BUILD_DIR}/${FRAMEWORKS_FOLDER_PATH}/Alamofire.framework",
				"${TARGET_BUILD_DIR}/${FRAMEWORKS_FOLDER_PATH}/Eureka.framework",
				"${TARGET_BUILD_DIR}/${FRAMEWORKS_FOLDER_PATH}/FBRetainCycleDetector.framework",
				"${TARGET_BUILD_DIR}/${FRAMEWORKS_FOLDER_PATH}/KeychainAccess.framework",
				"${TARGET_BUILD_DIR}/${FRAMEWORKS_FOLDER_PATH}/MLeaksFinder.framework",
				"${TARGET_BUILD_DIR}/${FRAMEWORKS_FOLDER_PATH}/Moya.framework",
				"${TARGET_BUILD_DIR}/${FRAMEWORKS_FOLDER_PATH}/ObjectMapper.framework",
				"${TARGET_BUILD_DIR}/${FRAMEWORKS_FOLDER_PATH}/PromiseKit.framework",
				"${TARGET_BUILD_DIR}/${FRAMEWORKS_FOLDER_PATH}/Result.framework",
				"${TARGET_BUILD_DIR}/${FRAMEWORKS_FOLDER_PATH}/SnapKit.framework",
				"${TARGET_BUILD_DIR}/${FRAMEWORKS_FOLDER_PATH}/SwiftyUserDefaults.framework",
				"${TARGET_BUILD_DIR}/${FRAMEWORKS_FOLDER_PATH}/TTTAttributedLabel.framework",
			);
			runOnlyForDeploymentPostprocessing = 0;
			shellPath = /bin/sh;
			shellScript = "\"${SRCROOT}/Pods/Target Support Files/Pods-wanlezu/Pods-wanlezu-frameworks.sh\"\n";
			showEnvVarsInLog = 0;
		};
/* End PBXShellScriptBuildPhase section */

/* Begin PBXSourcesBuildPhase section */
		D81C05E11EEFADE90086B629 /* Sources */ = {
			isa = PBXSourcesBuildPhase;
			buildActionMask = 2147483647;
			files = (
				D821C43C1EF22321004DCC6A /* Enums.swift in Sources */,
				D850E99A1EF3AFE100F365F8 /* CollectionListController.swift in Sources */,
				D81C06BE1EEFE1DB0086B629 /* UIImageView+Extension.swift in Sources */,
				D81C06F21EEFEF9C0086B629 /* ForgetPassword.swift in Sources */,
				D8A487561EF40CD90022C1C8 /* ServicePresenter.swift in Sources */,
				D850E98D1EF36EC500F365F8 /* RequestLoading.swift in Sources */,
				D81C06B41EEFE1DB0086B629 /* String+Extensions.swift in Sources */,
				D821C43D1EF22321004DCC6A /* HMScrollView.swift in Sources */,
				D850E99E1EF3B71100F365F8 /* Moya+App.swift in Sources */,
				D850E98B1EF36DDD00F365F8 /* Service.swift in Sources */,
				D81C06C21EEFE1DB0086B629 /* UIWindow+Extension.swift in Sources */,
				D81C06D51EEFE31D0086B629 /* APPDefaults.swift in Sources */,
				D81C06CB1EEFE2BA0086B629 /* APPCommonDefines.swift in Sources */,
				D850E9891EF36D9300F365F8 /* APIProvider.swift in Sources */,
				D81C06B71EEFE1DB0086B629 /* UIBezierPath+Extension.swift in Sources */,
				D81C06EC1EEFED4A0086B629 /* SignIn.swift in Sources */,
				D81C06AF1EEFE1DB0086B629 /* Bundle+Extension.swift in Sources */,
				D850E9711EF2326700F365F8 /* Widget.swift in Sources */,
				D821C43E1EF22321004DCC6A /* HMSegmentedControl.swift in Sources */,
				D81C06B31EEFE1DB0086B629 /* DispatchQueue+QMUI.swift in Sources */,
				D81C06B81EEFE1DB0086B629 /* UIButton+Extension.swift in Sources */,
				D81C06DA1EEFE3790086B629 /* Developer.swift in Sources */,
				D81C06BC1EEFE1DB0086B629 /* UIFont+Extensions.swift in Sources */,
				D81C06B11EEFE1DB0086B629 /* CGSize+Extension.swift in Sources */,
				D850E9941EF3AA2400F365F8 /* UINavigationItem+App.swift in Sources */,
				D81C06E51EEFEC3A0086B629 /* MainTabbar.swift in Sources */,
				D8A487441EF3BD900022C1C8 /* ServiceController.swift in Sources */,
				D81C06B91EEFE1DB0086B629 /* UICollectionReusableView+Extension.swift in Sources */,
				D81C06D21EEFE2F50086B629 /* Reusable.swift in Sources */,
				D81C06B21EEFE1DB0086B629 /* Dictionary+Extension.swift in Sources */,
				D8A4874A1EF3D7250022C1C8 /* AccountHeaderView.swift in Sources */,
				D81C06D91EEFE3790086B629 /* BaseController.swift in Sources */,
				D81C06CD1EEFE2BA0086B629 /* AppHelper.swift in Sources */,
				D81C06CC1EEFE2BA0086B629 /* APPConfigurationManager.swift in Sources */,
				D850E9811EF2B1A200F365F8 /* Utils.swift in Sources */,
				D850E9901EF3758400F365F8 /* BaseModel.swift in Sources */,
				D8A4874B1EF3D7250022C1C8 /* AppLogoView.swift in Sources */,
				D81C060E1EEFB1100086B629 /* AppDelegate.swift in Sources */,
				D81C06DB1EEFE3790086B629 /* GroupedController.swift in Sources */,
				D81C06D11EEFE2F50086B629 /* CommonDelegate.swift in Sources */,
				D850E99C1EF3B00D00F365F8 /* ListPresenter.swift in Sources */,
				D81C06F01EEFED830086B629 /* PhoneNumber.swift in Sources */,
				D850E9961EF3AA4A00F365F8 /* NavTitleView.swift in Sources */,
				D8A487501EF3FFA80022C1C8 /* ETNavBarTransparent.swift in Sources */,
				D8A4874C1EF3D7250022C1C8 /* SugueRow.swift in Sources */,
				D8A487581EF412F20022C1C8 /* UserModel.swift in Sources */,
				D81C06C01EEFE1DB0086B629 /* UIView+Extension.swift in Sources */,
				D850E97F1EF2B04900F365F8 /* Eureka+App.swift in Sources */,
				D81C06B61EEFE1DB0086B629 /* UIApplication.swift in Sources */,
				D81C06B51EEFE1DB0086B629 /* TextRow+Extension.swift in Sources */,
				D81C06E31EEFEBCC0086B629 /* Constants.swift in Sources */,
				D81C06BF1EEFE1DB0086B629 /* UIResponder+Extension.swift in Sources */,
				D81C06E91EEFED3B0086B629 /* Home.swift in Sources */,
				D81C06BD1EEFE1DB0086B629 /* UIImage+Extension.swift in Sources */,
				D81C06EA1EEFED3B0086B629 /* Me.swift in Sources */,
				D81C06C11EEFE1DB0086B629 /* UIViewController+Extensions.swift in Sources */,
				D850E9831EF2B3B700F365F8 /* String+App.swift in Sources */,
				D81C06BA1EEFE1DB0086B629 /* UIColor+Extension.swift in Sources */,
				D821C4431EF22B83004DCC6A /* CALayer+Extension.swift in Sources */,
				D81C06BB1EEFE1DB0086B629 /* UIEdgeInsets+Extension.swift in Sources */,
				D81C06C31EEFE1DB0086B629 /* URL+Extension.swift in Sources */,
				D81C06EE1EEFED600086B629 /* SignUp.swift in Sources */,
				D850E97D1EF2AC5800F365F8 /* UIViewController+APP.swift in Sources */,
				D81C06E21EEFEBCC0086B629 /* AppConfigurationTemplate.swift in Sources */,
				D81C06B01EEFE1DB0086B629 /* CGRect+Extension.swift in Sources */,
				D850E9981EF3AFBE00F365F8 /* TableListController.swift in Sources */,
				D821C4411EF226DD004DCC6A /* QMUIButton.swift in Sources */,
			);
			runOnlyForDeploymentPostprocessing = 0;
		};
		D81C05F51EEFADE90086B629 /* Sources */ = {
			isa = PBXSourcesBuildPhase;
			buildActionMask = 2147483647;
			files = (
				D81C05FE1EEFADE90086B629 /* wanlezuUITests.swift in Sources */,
			);
			runOnlyForDeploymentPostprocessing = 0;
		};
/* End PBXSourcesBuildPhase section */

/* Begin PBXTargetDependency section */
		D81C05FB1EEFADE90086B629 /* PBXTargetDependency */ = {
			isa = PBXTargetDependency;
			target = D81C05E41EEFADE90086B629 /* wanlezu */;
			targetProxy = D81C05FA1EEFADE90086B629 /* PBXContainerItemProxy */;
		};
/* End PBXTargetDependency section */

/* Begin PBXVariantGroup section */
		D81C05EC1EEFADE90086B629 /* Main.storyboard */ = {
			isa = PBXVariantGroup;
			children = (
				D81C05ED1EEFADE90086B629 /* Base */,
			);
			name = Main.storyboard;
			sourceTree = "<group>";
		};
		D81C05F11EEFADE90086B629 /* LaunchScreen.storyboard */ = {
			isa = PBXVariantGroup;
			children = (
				D81C05F21EEFADE90086B629 /* Base */,
			);
			name = LaunchScreen.storyboard;
			sourceTree = "<group>";
		};
/* End PBXVariantGroup section */

/* Begin XCBuildConfiguration section */
		D81C06001EEFADE90086B629 /* Debug */ = {
			isa = XCBuildConfiguration;
			buildSettings = {
				ALWAYS_SEARCH_USER_PATHS = NO;
				CLANG_ANALYZER_NONNULL = YES;
				CLANG_CXX_LANGUAGE_STANDARD = "gnu++0x";
				CLANG_CXX_LIBRARY = "libc++";
				CLANG_ENABLE_MODULES = YES;
				CLANG_ENABLE_OBJC_ARC = YES;
				CLANG_WARN_BLOCK_CAPTURE_AUTORELEASING = YES;
				CLANG_WARN_BOOL_CONVERSION = YES;
				CLANG_WARN_COMMA = YES;
				CLANG_WARN_CONSTANT_CONVERSION = YES;
				CLANG_WARN_DIRECT_OBJC_ISA_USAGE = YES_ERROR;
				CLANG_WARN_DOCUMENTATION_COMMENTS = YES;
				CLANG_WARN_EMPTY_BODY = YES;
				CLANG_WARN_ENUM_CONVERSION = YES;
				CLANG_WARN_INFINITE_RECURSION = YES;
				CLANG_WARN_INT_CONVERSION = YES;
				CLANG_WARN_NON_LITERAL_NULL_CONVERSION = YES;
				CLANG_WARN_OBJC_LITERAL_CONVERSION = YES;
				CLANG_WARN_OBJC_ROOT_CLASS = YES_ERROR;
				CLANG_WARN_RANGE_LOOP_ANALYSIS = YES;
				CLANG_WARN_STRICT_PROTOTYPES = YES;
				CLANG_WARN_SUSPICIOUS_MOVE = YES;
				CLANG_WARN_UNREACHABLE_CODE = YES;
				CLANG_WARN__DUPLICATE_METHOD_MATCH = YES;
				"CODE_SIGN_IDENTITY[sdk=iphoneos*]" = "iPhone Developer";
				COPY_PHASE_STRIP = NO;
				DEBUG_INFORMATION_FORMAT = dwarf;
				ENABLE_STRICT_OBJC_MSGSEND = YES;
				ENABLE_TESTABILITY = YES;
				GCC_C_LANGUAGE_STANDARD = gnu99;
				GCC_DYNAMIC_NO_PIC = NO;
				GCC_NO_COMMON_BLOCKS = YES;
				GCC_OPTIMIZATION_LEVEL = 0;
				GCC_PREPROCESSOR_DEFINITIONS = (
					"DEBUG=1",
					"$(inherited)",
				);
				GCC_WARN_64_TO_32_BIT_CONVERSION = YES;
				GCC_WARN_ABOUT_RETURN_TYPE = YES_ERROR;
				GCC_WARN_UNDECLARED_SELECTOR = YES;
				GCC_WARN_UNINITIALIZED_AUTOS = YES_AGGRESSIVE;
				GCC_WARN_UNUSED_FUNCTION = YES;
				GCC_WARN_UNUSED_VARIABLE = YES;
				IPHONEOS_DEPLOYMENT_TARGET = 10.2;
				MTL_ENABLE_DEBUG_INFO = YES;
				ONLY_ACTIVE_ARCH = YES;
				SDKROOT = iphoneos;
				SWIFT_ACTIVE_COMPILATION_CONDITIONS = DEBUG;
				SWIFT_OPTIMIZATION_LEVEL = "-Onone";
			};
			name = Debug;
		};
		D81C06011EEFADE90086B629 /* Release */ = {
			isa = XCBuildConfiguration;
			buildSettings = {
				ALWAYS_SEARCH_USER_PATHS = NO;
				CLANG_ANALYZER_NONNULL = YES;
				CLANG_CXX_LANGUAGE_STANDARD = "gnu++0x";
				CLANG_CXX_LIBRARY = "libc++";
				CLANG_ENABLE_MODULES = YES;
				CLANG_ENABLE_OBJC_ARC = YES;
				CLANG_WARN_BLOCK_CAPTURE_AUTORELEASING = YES;
				CLANG_WARN_BOOL_CONVERSION = YES;
				CLANG_WARN_COMMA = YES;
				CLANG_WARN_CONSTANT_CONVERSION = YES;
				CLANG_WARN_DIRECT_OBJC_ISA_USAGE = YES_ERROR;
				CLANG_WARN_DOCUMENTATION_COMMENTS = YES;
				CLANG_WARN_EMPTY_BODY = YES;
				CLANG_WARN_ENUM_CONVERSION = YES;
				CLANG_WARN_INFINITE_RECURSION = YES;
				CLANG_WARN_INT_CONVERSION = YES;
				CLANG_WARN_NON_LITERAL_NULL_CONVERSION = YES;
				CLANG_WARN_OBJC_LITERAL_CONVERSION = YES;
				CLANG_WARN_OBJC_ROOT_CLASS = YES_ERROR;
				CLANG_WARN_RANGE_LOOP_ANALYSIS = YES;
				CLANG_WARN_STRICT_PROTOTYPES = YES;
				CLANG_WARN_SUSPICIOUS_MOVE = YES;
				CLANG_WARN_UNREACHABLE_CODE = YES;
				CLANG_WARN__DUPLICATE_METHOD_MATCH = YES;
				"CODE_SIGN_IDENTITY[sdk=iphoneos*]" = "iPhone Developer";
				COPY_PHASE_STRIP = NO;
				DEBUG_INFORMATION_FORMAT = "dwarf-with-dsym";
				ENABLE_NS_ASSERTIONS = NO;
				ENABLE_STRICT_OBJC_MSGSEND = YES;
				GCC_C_LANGUAGE_STANDARD = gnu99;
				GCC_NO_COMMON_BLOCKS = YES;
				GCC_WARN_64_TO_32_BIT_CONVERSION = YES;
				GCC_WARN_ABOUT_RETURN_TYPE = YES_ERROR;
				GCC_WARN_UNDECLARED_SELECTOR = YES;
				GCC_WARN_UNINITIALIZED_AUTOS = YES_AGGRESSIVE;
				GCC_WARN_UNUSED_FUNCTION = YES;
				GCC_WARN_UNUSED_VARIABLE = YES;
				IPHONEOS_DEPLOYMENT_TARGET = 10.2;
				MTL_ENABLE_DEBUG_INFO = NO;
				SDKROOT = iphoneos;
				SWIFT_OPTIMIZATION_LEVEL = "-Owholemodule";
				VALIDATE_PRODUCT = YES;
			};
			name = Release;
		};
		D81C06031EEFADE90086B629 /* Debug */ = {
			isa = XCBuildConfiguration;
			baseConfigurationReference = 7DCDB38710B04983F6727DD2 /* Pods-wanlezu.debug.xcconfig */;
			buildSettings = {
				ASSETCATALOG_COMPILER_APPICON_NAME = AppIcon;
				CLANG_ENABLE_MODULES = YES;
				INFOPLIST_FILE = wanlezu/Info.plist;
				IPHONEOS_DEPLOYMENT_TARGET = 9.0;
				LD_RUNPATH_SEARCH_PATHS = "$(inherited) @executable_path/Frameworks";
				PRODUCT_BUNDLE_IDENTIFIER = com.wanlezu;
				PRODUCT_NAME = "$(TARGET_NAME)";
				SWIFT_OBJC_BRIDGING_HEADER = wanlezu/SupportFiles/Bridging.h;
				SWIFT_OPTIMIZATION_LEVEL = "-Onone";
				SWIFT_VERSION = 3.0;
				VALID_ARCHS = arm64;
			};
			name = Debug;
		};
		D81C06041EEFADE90086B629 /* Release */ = {
			isa = XCBuildConfiguration;
			baseConfigurationReference = 894E8716AE0421F04C5C62FE /* Pods-wanlezu.release.xcconfig */;
			buildSettings = {
				ASSETCATALOG_COMPILER_APPICON_NAME = AppIcon;
				CLANG_ENABLE_MODULES = YES;
				INFOPLIST_FILE = wanlezu/Info.plist;
				IPHONEOS_DEPLOYMENT_TARGET = 9.0;
				LD_RUNPATH_SEARCH_PATHS = "$(inherited) @executable_path/Frameworks";
				PRODUCT_BUNDLE_IDENTIFIER = com.wanlezu;
				PRODUCT_NAME = "$(TARGET_NAME)";
				SWIFT_OBJC_BRIDGING_HEADER = wanlezu/SupportFiles/Bridging.h;
				SWIFT_VERSION = 3.0;
				VALID_ARCHS = arm64;
			};
			name = Release;
		};
		D81C06061EEFADE90086B629 /* Debug */ = {
			isa = XCBuildConfiguration;
			buildSettings = {
				ALWAYS_EMBED_SWIFT_STANDARD_LIBRARIES = YES;
				INFOPLIST_FILE = wanlezuUITests/Info.plist;
				LD_RUNPATH_SEARCH_PATHS = "$(inherited) @executable_path/Frameworks @loader_path/Frameworks";
				PRODUCT_BUNDLE_IDENTIFIER = com.wanlezuUITests;
				PRODUCT_NAME = "$(TARGET_NAME)";
				SWIFT_VERSION = 3.0;
				TEST_TARGET_NAME = wanlezu;
			};
			name = Debug;
		};
		D81C06071EEFADE90086B629 /* Release */ = {
			isa = XCBuildConfiguration;
			buildSettings = {
				ALWAYS_EMBED_SWIFT_STANDARD_LIBRARIES = YES;
				INFOPLIST_FILE = wanlezuUITests/Info.plist;
				LD_RUNPATH_SEARCH_PATHS = "$(inherited) @executable_path/Frameworks @loader_path/Frameworks";
				PRODUCT_BUNDLE_IDENTIFIER = com.wanlezuUITests;
				PRODUCT_NAME = "$(TARGET_NAME)";
				SWIFT_VERSION = 3.0;
				TEST_TARGET_NAME = wanlezu;
			};
			name = Release;
		};
/* End XCBuildConfiguration section */

/* Begin XCConfigurationList section */
		D81C05E01EEFADE90086B629 /* Build configuration list for PBXProject "wanlezu" */ = {
			isa = XCConfigurationList;
			buildConfigurations = (
				D81C06001EEFADE90086B629 /* Debug */,
				D81C06011EEFADE90086B629 /* Release */,
			);
			defaultConfigurationIsVisible = 0;
			defaultConfigurationName = Release;
		};
		D81C06021EEFADE90086B629 /* Build configuration list for PBXNativeTarget "wanlezu" */ = {
			isa = XCConfigurationList;
			buildConfigurations = (
				D81C06031EEFADE90086B629 /* Debug */,
				D81C06041EEFADE90086B629 /* Release */,
			);
			defaultConfigurationIsVisible = 0;
			defaultConfigurationName = Release;
		};
		D81C06051EEFADE90086B629 /* Build configuration list for PBXNativeTarget "wanlezuUITests" */ = {
			isa = XCConfigurationList;
			buildConfigurations = (
				D81C06061EEFADE90086B629 /* Debug */,
				D81C06071EEFADE90086B629 /* Release */,
			);
			defaultConfigurationIsVisible = 0;
			defaultConfigurationName = Release;
		};
/* End XCConfigurationList section */
	};
	rootObject = D81C05DD1EEFADE90086B629 /* Project object */;
}
