// !$*UTF8*$!
{
	archiveVersion = 1;
	classes = {
	};
	objectVersion = 46;
	objects = {

/* Begin PBXBuildFile section */
		D8F1A8231E7794DD001ED43F /* AppDelegate.swift in Sources */ = {isa = PBXBuildFile; fileRef = D8F1A8221E7794DD001ED43F /* AppDelegate.swift */; };
		D8F1A8251E7794DD001ED43F /* ViewController.swift in Sources */ = {isa = PBXBuildFile; fileRef = D8F1A8241E7794DD001ED43F /* ViewController.swift */; };
		D8F1A8281E7794DD001ED43F /* Main.storyboard in Resources */ = {isa = PBXBuildFile; fileRef = D8F1A8261E7794DD001ED43F /* Main.storyboard */; };
		D8F1A82A1E7794DD001ED43F /* Assets.xcassets in Resources */ = {isa = PBXBuildFile; fileRef = D8F1A8291E7794DD001ED43F /* Assets.xcassets */; };
		D8F1A82D1E7794DD001ED43F /* LaunchScreen.storyboard in Resources */ = {isa = PBXBuildFile; fileRef = D8F1A82B1E7794DD001ED43F /* LaunchScreen.storyboard */; };
		D8F1A8381E7794DD001ED43F /* ChartUITests.swift in Sources */ = {isa = PBXBuildFile; fileRef = D8F1A8371E7794DD001ED43F /* ChartUITests.swift */; };
		D8F1A8431E77B8DA001ED43F /* UIImage+Extension.swift in Sources */ = {isa = PBXBuildFile; fileRef = D8F1A8421E77B8DA001ED43F /* UIImage+Extension.swift */; };
/* End PBXBuildFile section */

/* Begin PBXContainerItemProxy section */
		D8F1A8341E7794DD001ED43F /* PBXContainerItemProxy */ = {
			isa = PBXContainerItemProxy;
			containerPortal = D8F1A8171E7794DD001ED43F /* Project object */;
			proxyType = 1;
			remoteGlobalIDString = D8F1A81E1E7794DD001ED43F;
			remoteInfo = Chart;
		};
/* End PBXContainerItemProxy section */

/* Begin PBXFileReference section */
		D8F1A81F1E7794DD001ED43F /* Chart.app */ = {isa = PBXFileReference; explicitFileType = wrapper.application; includeInIndex = 0; path = Chart.app; sourceTree = BUILT_PRODUCTS_DIR; };
		D8F1A8221E7794DD001ED43F /* AppDelegate.swift */ = {isa = PBXFileReference; lastKnownFileType = sourcecode.swift; path = AppDelegate.swift; sourceTree = "<group>"; };
		D8F1A8241E7794DD001ED43F /* ViewController.swift */ = {isa = PBXFileReference; lastKnownFileType = sourcecode.swift; path = ViewController.swift; sourceTree = "<group>"; };
		D8F1A8271E7794DD001ED43F /* Base */ = {isa = PBXFileReference; lastKnownFileType = file.storyboard; name = Base; path = Base.lproj/Main.storyboard; sourceTree = "<group>"; };
		D8F1A8291E7794DD001ED43F /* Assets.xcassets */ = {isa = PBXFileReference; lastKnownFileType = folder.assetcatalog; path = Assets.xcassets; sourceTree = "<group>"; };
		D8F1A82C1E7794DD001ED43F /* Base */ = {isa = PBXFileReference; lastKnownFileType = file.storyboard; name = Base; path = Base.lproj/LaunchScreen.storyboard; sourceTree = "<group>"; };
		D8F1A82E1E7794DD001ED43F /* Info.plist */ = {isa = PBXFileReference; lastKnownFileType = text.plist.xml; path = Info.plist; sourceTree = "<group>"; };
		D8F1A8331E7794DD001ED43F /* ChartUITests.xctest */ = {isa = PBXFileReference; explicitFileType = wrapper.cfbundle; includeInIndex = 0; path = ChartUITests.xctest; sourceTree = BUILT_PRODUCTS_DIR; };
		D8F1A8371E7794DD001ED43F /* ChartUITests.swift */ = {isa = PBXFileReference; lastKnownFileType = sourcecode.swift; path = ChartUITests.swift; sourceTree = "<group>"; };
		D8F1A8391E7794DD001ED43F /* Info.plist */ = {isa = PBXFileReference; lastKnownFileType = text.plist.xml; path = Info.plist; sourceTree = "<group>"; };
		D8F1A8421E77B8DA001ED43F /* UIImage+Extension.swift */ = {isa = PBXFileReference; fileEncoding = 4; lastKnownFileType = sourcecode.swift; path = "UIImage+Extension.swift"; sourceTree = "<group>"; };
/* End PBXFileReference section */

/* Begin PBXFrameworksBuildPhase section */
		D8F1A81C1E7794DD001ED43F /* Frameworks */ = {
			isa = PBXFrameworksBuildPhase;
			buildActionMask = 2147483647;
			files = (
			);
			runOnlyForDeploymentPostprocessing = 0;
		};
		D8F1A8301E7794DD001ED43F /* Frameworks */ = {
			isa = PBXFrameworksBuildPhase;
			buildActionMask = 2147483647;
			files = (
			);
			runOnlyForDeploymentPostprocessing = 0;
		};
/* End PBXFrameworksBuildPhase section */

/* Begin PBXGroup section */
		D8F1A8161E7794DD001ED43F = {
			isa = PBXGroup;
			children = (
				D8F1A8211E7794DD001ED43F /* Chart */,
				D8F1A8361E7794DD001ED43F /* ChartUITests */,
				D8F1A8201E7794DD001ED43F /* Products */,
			);
			sourceTree = "<group>";
		};
		D8F1A8201E7794DD001ED43F /* Products */ = {
			isa = PBXGroup;
			children = (
				D8F1A81F1E7794DD001ED43F /* Chart.app */,
				D8F1A8331E7794DD001ED43F /* ChartUITests.xctest */,
			);
			name = Products;
			sourceTree = "<group>";
		};
		D8F1A8211E7794DD001ED43F /* Chart */ = {
			isa = PBXGroup;
			children = (
				D8F1A8221E7794DD001ED43F /* AppDelegate.swift */,
				D8F1A8241E7794DD001ED43F /* ViewController.swift */,
				D8F1A8261E7794DD001ED43F /* Main.storyboard */,
				D8F1A8291E7794DD001ED43F /* Assets.xcassets */,
				D8F1A82B1E7794DD001ED43F /* LaunchScreen.storyboard */,
				D8F1A82E1E7794DD001ED43F /* Info.plist */,
				D8F1A8421E77B8DA001ED43F /* UIImage+Extension.swift */,
			);
			path = Chart;
			sourceTree = "<group>";
		};
		D8F1A8361E7794DD001ED43F /* ChartUITests */ = {
			isa = PBXGroup;
			children = (
				D8F1A8371E7794DD001ED43F /* ChartUITests.swift */,
				D8F1A8391E7794DD001ED43F /* Info.plist */,
			);
			path = ChartUITests;
			sourceTree = "<group>";
		};
/* End PBXGroup section */

/* Begin PBXNativeTarget section */
		D8F1A81E1E7794DD001ED43F /* Chart */ = {
			isa = PBXNativeTarget;
			buildConfigurationList = D8F1A83C1E7794DD001ED43F /* Build configuration list for PBXNativeTarget "Chart" */;
			buildPhases = (
				D8F1A81B1E7794DD001ED43F /* Sources */,
				D8F1A81C1E7794DD001ED43F /* Frameworks */,
				D8F1A81D1E7794DD001ED43F /* Resources */,
			);
			buildRules = (
			);
			dependencies = (
			);
			name = Chart;
			productName = Chart;
			productReference = D8F1A81F1E7794DD001ED43F /* Chart.app */;
			productType = "com.apple.product-type.application";
		};
		D8F1A8321E7794DD001ED43F /* ChartUITests */ = {
			isa = PBXNativeTarget;
			buildConfigurationList = D8F1A83F1E7794DD001ED43F /* Build configuration list for PBXNativeTarget "ChartUITests" */;
			buildPhases = (
				D8F1A82F1E7794DD001ED43F /* Sources */,
				D8F1A8301E7794DD001ED43F /* Frameworks */,
				D8F1A8311E7794DD001ED43F /* Resources */,
			);
			buildRules = (
			);
			dependencies = (
				D8F1A8351E7794DD001ED43F /* PBXTargetDependency */,
			);
			name = ChartUITests;
			productName = ChartUITests;
			productReference = D8F1A8331E7794DD001ED43F /* ChartUITests.xctest */;
			productType = "com.apple.product-type.bundle.ui-testing";
		};
/* End PBXNativeTarget section */

/* Begin PBXProject section */
		D8F1A8171E7794DD001ED43F /* Project object */ = {
			isa = PBXProject;
			attributes = {
				LastSwiftUpdateCheck = 0820;
				LastUpgradeCheck = 0820;
				ORGANIZATIONNAME = "伯驹 黄";
				TargetAttributes = {
					D8F1A81E1E7794DD001ED43F = {
						CreatedOnToolsVersion = 8.2.1;
						DevelopmentTeam = 46A8679957;
						ProvisioningStyle = Automatic;
					};
					D8F1A8321E7794DD001ED43F = {
						CreatedOnToolsVersion = 8.2.1;
						ProvisioningStyle = Automatic;
						TestTargetID = D8F1A81E1E7794DD001ED43F;
					};
				};
			};
			buildConfigurationList = D8F1A81A1E7794DD001ED43F /* Build configuration list for PBXProject "Chart" */;
			compatibilityVersion = "Xcode 3.2";
			developmentRegion = English;
			hasScannedForEncodings = 0;
			knownRegions = (
				en,
				Base,
			);
			mainGroup = D8F1A8161E7794DD001ED43F;
			productRefGroup = D8F1A8201E7794DD001ED43F /* Products */;
			projectDirPath = "";
			projectRoot = "";
			targets = (
				D8F1A81E1E7794DD001ED43F /* Chart */,
				D8F1A8321E7794DD001ED43F /* ChartUITests */,
			);
		};
/* End PBXProject section */

/* Begin PBXResourcesBuildPhase section */
		D8F1A81D1E7794DD001ED43F /* Resources */ = {
			isa = PBXResourcesBuildPhase;
			buildActionMask = 2147483647;
			files = (
				D8F1A82D1E7794DD001ED43F /* LaunchScreen.storyboard in Resources */,
				D8F1A82A1E7794DD001ED43F /* Assets.xcassets in Resources */,
				D8F1A8281E7794DD001ED43F /* Main.storyboard in Resources */,
			);
			runOnlyForDeploymentPostprocessing = 0;
		};
		D8F1A8311E7794DD001ED43F /* Resources */ = {
			isa = PBXResourcesBuildPhase;
			buildActionMask = 2147483647;
			files = (
			);
			runOnlyForDeploymentPostprocessing = 0;
		};
/* End PBXResourcesBuildPhase section */

/* Begin PBXSourcesBuildPhase section */
		D8F1A81B1E7794DD001ED43F /* Sources */ = {
			isa = PBXSourcesBuildPhase;
			buildActionMask = 2147483647;
			files = (
				D8F1A8431E77B8DA001ED43F /* UIImage+Extension.swift in Sources */,
				D8F1A8251E7794DD001ED43F /* ViewController.swift in Sources */,
				D8F1A8231E7794DD001ED43F /* AppDelegate.swift in Sources */,
			);
			runOnlyForDeploymentPostprocessing = 0;
		};
		D8F1A82F1E7794DD001ED43F /* Sources */ = {
			isa = PBXSourcesBuildPhase;
			buildActionMask = 2147483647;
			files = (
				D8F1A8381E7794DD001ED43F /* ChartUITests.swift in Sources */,
			);
			runOnlyForDeploymentPostprocessing = 0;
		};
/* End PBXSourcesBuildPhase section */

/* Begin PBXTargetDependency section */
		D8F1A8351E7794DD001ED43F /* PBXTargetDependency */ = {
			isa = PBXTargetDependency;
			target = D8F1A81E1E7794DD001ED43F /* Chart */;
			targetProxy = D8F1A8341E7794DD001ED43F /* PBXContainerItemProxy */;
		};
/* End PBXTargetDependency section */

/* Begin PBXVariantGroup section */
		D8F1A8261E7794DD001ED43F /* Main.storyboard */ = {
			isa = PBXVariantGroup;
			children = (
				D8F1A8271E7794DD001ED43F /* Base */,
			);
			name = Main.storyboard;
			sourceTree = "<group>";
		};
		D8F1A82B1E7794DD001ED43F /* LaunchScreen.storyboard */ = {
			isa = PBXVariantGroup;
			children = (
				D8F1A82C1E7794DD001ED43F /* Base */,
			);
			name = LaunchScreen.storyboard;
			sourceTree = "<group>";
		};
/* End PBXVariantGroup section */

/* Begin XCBuildConfiguration section */
		D8F1A83A1E7794DD001ED43F /* Debug */ = {
			isa = XCBuildConfiguration;
			buildSettings = {
				ALWAYS_SEARCH_USER_PATHS = NO;
				CLANG_ANALYZER_NONNULL = YES;
				CLANG_CXX_LANGUAGE_STANDARD = "gnu++0x";
				CLANG_CXX_LIBRARY = "libc++";
				CLANG_ENABLE_MODULES = YES;
				CLANG_ENABLE_OBJC_ARC = YES;
				CLANG_WARN_BOOL_CONVERSION = YES;
				CLANG_WARN_CONSTANT_CONVERSION = YES;
				CLANG_WARN_DIRECT_OBJC_ISA_USAGE = YES_ERROR;
				CLANG_WARN_DOCUMENTATION_COMMENTS = YES;
				CLANG_WARN_EMPTY_BODY = YES;
				CLANG_WARN_ENUM_CONVERSION = YES;
				CLANG_WARN_INFINITE_RECURSION = YES;
				CLANG_WARN_INT_CONVERSION = YES;
				CLANG_WARN_OBJC_ROOT_CLASS = YES_ERROR;
				CLANG_WARN_SUSPICIOUS_MOVE = YES;
				CLANG_WARN_UNREACHABLE_CODE = YES;
				CLANG_WARN__DUPLICATE_METHOD_MATCH = YES;
				"CODE_SIGN_IDENTITY[sdk=iphoneos*]" = "iPhone Developer";
				COPY_PHASE_STRIP = NO;
				DEBUG_INFORMATION_FORMAT = dwarf;
				ENABLE_STRICT_OBJC_MSGSEND = YES;
				ENABLE_TESTABILITY = YES;
				GCC_C_LANGUAGE_STANDARD = gnu99;
				GCC_DYNAMIC_NO_PIC = NO;
				GCC_NO_COMMON_BLOCKS = YES;
				GCC_OPTIMIZATION_LEVEL = 0;
				GCC_PREPROCESSOR_DEFINITIONS = (
					"DEBUG=1",
					"$(inherited)",
				);
				GCC_WARN_64_TO_32_BIT_CONVERSION = YES;
				GCC_WARN_ABOUT_RETURN_TYPE = YES_ERROR;
				GCC_WARN_UNDECLARED_SELECTOR = YES;
				GCC_WARN_UNINITIALIZED_AUTOS = YES_AGGRESSIVE;
				GCC_WARN_UNUSED_FUNCTION = YES;
				GCC_WARN_UNUSED_VARIABLE = YES;
				IPHONEOS_DEPLOYMENT_TARGET = 10.2;
				MTL_ENABLE_DEBUG_INFO = YES;
				ONLY_ACTIVE_ARCH = YES;
				SDKROOT = iphoneos;
				SWIFT_ACTIVE_COMPILATION_CONDITIONS = DEBUG;
				SWIFT_OPTIMIZATION_LEVEL = "-Onone";
			};
			name = Debug;
		};
		D8F1A83B1E7794DD001ED43F /* Release */ = {
			isa = XCBuildConfiguration;
			buildSettings = {
				ALWAYS_SEARCH_USER_PATHS = NO;
				CLANG_ANALYZER_NONNULL = YES;
				CLANG_CXX_LANGUAGE_STANDARD = "gnu++0x";
				CLANG_CXX_LIBRARY = "libc++";
				CLANG_ENABLE_MODULES = YES;
				CLANG_ENABLE_OBJC_ARC = YES;
				CLANG_WARN_BOOL_CONVERSION = YES;
				CLANG_WARN_CONSTANT_CONVERSION = YES;
				CLANG_WARN_DIRECT_OBJC_ISA_USAGE = YES_ERROR;
				CLANG_WARN_DOCUMENTATION_COMMENTS = YES;
				CLANG_WARN_EMPTY_BODY = YES;
				CLANG_WARN_ENUM_CONVERSION = YES;
				CLANG_WARN_INFINITE_RECURSION = YES;
				CLANG_WARN_INT_CONVERSION = YES;
				CLANG_WARN_OBJC_ROOT_CLASS = YES_ERROR;
				CLANG_WARN_SUSPICIOUS_MOVE = YES;
				CLANG_WARN_UNREACHABLE_CODE = YES;
				CLANG_WARN__DUPLICATE_METHOD_MATCH = YES;
				"CODE_SIGN_IDENTITY[sdk=iphoneos*]" = "iPhone Developer";
				COPY_PHASE_STRIP = NO;
				DEBUG_INFORMATION_FORMAT = "dwarf-with-dsym";
				ENABLE_NS_ASSERTIONS = NO;
				ENABLE_STRICT_OBJC_MSGSEND = YES;
				GCC_C_LANGUAGE_STANDARD = gnu99;
				GCC_NO_COMMON_BLOCKS = YES;
				GCC_WARN_64_TO_32_BIT_CONVERSION = YES;
				GCC_WARN_ABOUT_RETURN_TYPE = YES_ERROR;
				GCC_WARN_UNDECLARED_SELECTOR = YES;
				GCC_WARN_UNINITIALIZED_AUTOS = YES_AGGRESSIVE;
				GCC_WARN_UNUSED_FUNCTION = YES;
				GCC_WARN_UNUSED_VARIABLE = YES;
				IPHONEOS_DEPLOYMENT_TARGET = 10.2;
				MTL_ENABLE_DEBUG_INFO = NO;
				SDKROOT = iphoneos;
				SWIFT_OPTIMIZATION_LEVEL = "-Owholemodule";
				VALIDATE_PRODUCT = YES;
			};
			name = Release;
		};
		D8F1A83D1E7794DD001ED43F /* Debug */ = {
			isa = XCBuildConfiguration;
			buildSettings = {
				ASSETCATALOG_COMPILER_APPICON_NAME = AppIcon;
				DEVELOPMENT_TEAM = 46A8679957;
				INFOPLIST_FILE = Chart/Info.plist;
				IPHONEOS_DEPLOYMENT_TARGET = 10.0;
				LD_RUNPATH_SEARCH_PATHS = "$(inherited) @executable_path/Frameworks";
				PRODUCT_BUNDLE_IDENTIFIER = com.huangboju.Chart;
				PRODUCT_NAME = "$(TARGET_NAME)";
				SWIFT_VERSION = 3.0;
			};
			name = Debug;
		};
		D8F1A83E1E7794DD001ED43F /* Release */ = {
			isa = XCBuildConfiguration;
			buildSettings = {
				ASSETCATALOG_COMPILER_APPICON_NAME = AppIcon;
				DEVELOPMENT_TEAM = 46A8679957;
				INFOPLIST_FILE = Chart/Info.plist;
				IPHONEOS_DEPLOYMENT_TARGET = 10.0;
				LD_RUNPATH_SEARCH_PATHS = "$(inherited) @executable_path/Frameworks";
				PRODUCT_BUNDLE_IDENTIFIER = com.huangboju.Chart;
				PRODUCT_NAME = "$(TARGET_NAME)";
				SWIFT_VERSION = 3.0;
			};
			name = Release;
		};
		D8F1A8401E7794DD001ED43F /* Debug */ = {
			isa = XCBuildConfiguration;
			buildSettings = {
				ALWAYS_EMBED_SWIFT_STANDARD_LIBRARIES = YES;
				INFOPLIST_FILE = ChartUITests/Info.plist;
				LD_RUNPATH_SEARCH_PATHS = "$(inherited) @executable_path/Frameworks @loader_path/Frameworks";
				PRODUCT_BUNDLE_IDENTIFIER = com.huangboju.ChartUITests;
				PRODUCT_NAME = "$(TARGET_NAME)";
				SWIFT_VERSION = 3.0;
				TEST_TARGET_NAME = Chart;
			};
			name = Debug;
		};
		D8F1A8411E7794DD001ED43F /* Release */ = {
			isa = XCBuildConfiguration;
			buildSettings = {
				ALWAYS_EMBED_SWIFT_STANDARD_LIBRARIES = YES;
				INFOPLIST_FILE = ChartUITests/Info.plist;
				LD_RUNPATH_SEARCH_PATHS = "$(inherited) @executable_path/Frameworks @loader_path/Frameworks";
				PRODUCT_BUNDLE_IDENTIFIER = com.huangboju.ChartUITests;
				PRODUCT_NAME = "$(TARGET_NAME)";
				SWIFT_VERSION = 3.0;
				TEST_TARGET_NAME = Chart;
			};
			name = Release;
		};
/* End XCBuildConfiguration section */

/* Begin XCConfigurationList section */
		D8F1A81A1E7794DD001ED43F /* Build configuration list for PBXProject "Chart" */ = {
			isa = XCConfigurationList;
			buildConfigurations = (
				D8F1A83A1E7794DD001ED43F /* Debug */,
				D8F1A83B1E7794DD001ED43F /* Release */,
			);
			defaultConfigurationIsVisible = 0;
			defaultConfigurationName = Release;
		};
		D8F1A83C1E7794DD001ED43F /* Build configuration list for PBXNativeTarget "Chart" */ = {
			isa = XCConfigurationList;
			buildConfigurations = (
				D8F1A83D1E7794DD001ED43F /* Debug */,
				D8F1A83E1E7794DD001ED43F /* Release */,
			);
			defaultConfigurationIsVisible = 0;
			defaultConfigurationName = Release;
		};
		D8F1A83F1E7794DD001ED43F /* Build configuration list for PBXNativeTarget "ChartUITests" */ = {
			isa = XCConfigurationList;
			buildConfigurations = (
				D8F1A8401E7794DD001ED43F /* Debug */,
				D8F1A8411E7794DD001ED43F /* Release */,
			);
			defaultConfigurationIsVisible = 0;
			defaultConfigurationName = Release;
		};
/* End XCConfigurationList section */
	};
	rootObject = D8F1A8171E7794DD001ED43F /* Project object */;
}
